// !$*UTF8*$!
{
	archiveVersion = 1;
	classes = {
	};
	objectVersion = 46;
	objects = {

/* Begin PBXBuildFile section */
		8286066B64554EB289873BF3 /* libPods.a in Frameworks */ = {isa = PBXBuildFile; fileRef = 01CB4325C22B4BC6BB25D101 /* libPods.a */; };
		B30EF6DC1826446B0091C378 /* ODStructuredType.m in Sources */ = {isa = PBXBuildFile; fileRef = B30EF6DB1826446B0091C378 /* ODStructuredType.m */; };
		B30EF6DF182646C30091C378 /* ODCustomEntityType.m in Sources */ = {isa = PBXBuildFile; fileRef = B30EF6DE182646C30091C378 /* ODCustomEntityType.m */; };
		B30EF6E31826CA9F0091C378 /* ODTypeLibrary.m in Sources */ = {isa = PBXBuildFile; fileRef = B30EF6E21826CA9F0091C378 /* ODTypeLibrary.m */; };
		B329A653181E611400B2D8B9 /* NSData+Base64.m in Sources */ = {isa = PBXBuildFile; fileRef = B329A652181E611400B2D8B9 /* NSData+Base64.m */; settings = {COMPILER_FLAGS = "-fno-objc-arc"; }; };
		B329A657181F991A00B2D8B9 /* ODExplorerViewActionsMenu.m in Sources */ = {isa = PBXBuildFile; fileRef = B329A656181F991A00B2D8B9 /* ODExplorerViewActionsMenu.m */; };
		B329A65B181FB5C700B2D8B9 /* JSONDateReader.m in Sources */ = {isa = PBXBuildFile; fileRef = B329A65A181FB5C700B2D8B9 /* JSONDateReader.m */; };
		B329A65E181FEF2300B2D8B9 /* ODResource+Entity.m in Sources */ = {isa = PBXBuildFile; fileRef = B329A65D181FEF2300B2D8B9 /* ODResource+Entity.m */; };
		B329A661181FEF6700B2D8B9 /* ODResource+Collection.m in Sources */ = {isa = PBXBuildFile; fileRef = B329A660181FEF6700B2D8B9 /* ODResource+Collection.m */; };
		B329A66B182063AF00B2D8B9 /* ODResource+CollectionFields.m in Sources */ = {isa = PBXBuildFile; fileRef = B329A66A182063AF00B2D8B9 /* ODResource+CollectionFields.m */; };
		B329A6731821116800B2D8B9 /* ODGenericTableViewCell.m in Sources */ = {isa = PBXBuildFile; fileRef = B329A6721821116800B2D8B9 /* ODGenericTableViewCell.m */; };
		B329A67618211B3B00B2D8B9 /* ODCreateOperation.m in Sources */ = {isa = PBXBuildFile; fileRef = B329A67518211B3B00B2D8B9 /* ODCreateOperation.m */; };
		B329A6791821227800B2D8B9 /* ODHTTPOperation.m in Sources */ = {isa = PBXBuildFile; fileRef = B329A6781821227800B2D8B9 /* ODHTTPOperation.m */; };
		B34544C1181846340039BD67 /* ODActionOperation.m in Sources */ = {isa = PBXBuildFile; fileRef = B34544C0181846340039BD67 /* ODActionOperation.m */; };
		B34544CA181932E60039BD67 /* ODBaseResourceViewController.m in Sources */ = {isa = PBXBuildFile; fileRef = B34544C9181932E60039BD67 /* ODBaseResourceViewController.m */; };
		B34544D118195DFB0039BD67 /* ODResourceTableViewCell.m in Sources */ = {isa = PBXBuildFile; fileRef = B34544D018195DFB0039BD67 /* ODResourceTableViewCell.m */; };
		B34544D418195E6B0039BD67 /* ODEntityTableViewCell.m in Sources */ = {isa = PBXBuildFile; fileRef = B34544D318195E6B0039BD67 /* ODEntityTableViewCell.m */; };
		B34544D8181968370039BD67 /* ODPropertyTableViewCell.m in Sources */ = {isa = PBXBuildFile; fileRef = B34544D7181968370039BD67 /* ODPropertyTableViewCell.m */; };
		B34544EA181A6AA20039BD67 /* ODResourceList.m in Sources */ = {isa = PBXBuildFile; fileRef = B34544E9181A6AA20039BD67 /* ODResourceList.m */; };
		B34544F0181B278D0039BD67 /* ODRetrieving_Objects.m in Sources */ = {isa = PBXBuildFile; fileRef = B34544EF181B278D0039BD67 /* ODRetrieving_Objects.m */; };
		B34544F3181B36A30039BD67 /* NorthwindService.m in Sources */ = {isa = PBXBuildFile; fileRef = B3900EBB181198CB007BCE33 /* NorthwindService.m */; };
		B34544F4181B36A30039BD67 /* Product.m in Sources */ = {isa = PBXBuildFile; fileRef = B3900EC81815318B007BCE33 /* Product.m */; };
		B34544F5181B36A30039BD67 /* Supplier.m in Sources */ = {isa = PBXBuildFile; fileRef = B3900F5518168C99007BCE33 /* Supplier.m */; };
		B34544F6181B36A30039BD67 /* Employee.m in Sources */ = {isa = PBXBuildFile; fileRef = B3900F2D18155FBC007BCE33 /* Employee.m */; };
		B34544F7181B36A30039BD67 /* Customer.m in Sources */ = {isa = PBXBuildFile; fileRef = B3900F3018155FCC007BCE33 /* Customer.m */; };
		B34544FA181BCDCF0039BD67 /* ODOperationResponse.m in Sources */ = {isa = PBXBuildFile; fileRef = B34544F9181BCDCF0039BD67 /* ODOperationResponse.m */; };
		B34544FD181BEA270039BD67 /* ODPlainOperation.m in Sources */ = {isa = PBXBuildFile; fileRef = B34544FC181BEA270039BD67 /* ODPlainOperation.m */; };
		B3454503181BF2010039BD67 /* ODOperationError.m in Sources */ = {isa = PBXBuildFile; fileRef = B3454502181BF2010039BD67 /* ODOperationError.m */; };
		B3454509181C7CEA0039BD67 /* OperationWithSteps.m in Sources */ = {isa = PBXBuildFile; fileRef = B3454508181C7CEA0039BD67 /* OperationWithSteps.m */; };
		B345450D181D500E0039BD67 /* ODOperationError.strings in Resources */ = {isa = PBXBuildFile; fileRef = B345450C181D500E0039BD67 /* ODOperationError.strings */; };
		B3454510181D581E0039BD67 /* ODNotifyingManager.m in Sources */ = {isa = PBXBuildFile; fileRef = B345450F181D581E0039BD67 /* ODNotifyingManager.m */; };
		B3454513181D61770039BD67 /* ODLoadingTableViewCell.m in Sources */ = {isa = PBXBuildFile; fileRef = B3454512181D61770039BD67 /* ODLoadingTableViewCell.m */; };
		B35A642B182A9D8A002CF425 /* ODResourceDataSource.m in Sources */ = {isa = PBXBuildFile; fileRef = B35A642A182A9D8A002CF425 /* ODResourceDataSource.m */; };
		B35A6430182AB21C002CF425 /* ODExplorerViewController.m in Sources */ = {isa = PBXBuildFile; fileRef = B35A642E182AA7F7002CF425 /* ODExplorerViewController.m */; };
		B35A6436182AC838002CF425 /* ODFavorites.m in Sources */ = {isa = PBXBuildFile; fileRef = B35A6435182AC838002CF425 /* ODFavorites.m */; };
		B35A6439182AC9CC002CF425 /* ODFavoritesViewController.m in Sources */ = {isa = PBXBuildFile; fileRef = B35A6438182AC9CC002CF425 /* ODFavoritesViewController.m */; };
		B384FC721826E104006C06D3 /* ODMetadataOperation.m in Sources */ = {isa = PBXBuildFile; fileRef = B384FC711826E104006C06D3 /* ODMetadataOperation.m */; };
		B384FC741826E323006C06D3 /* TypesTests.m in Sources */ = {isa = PBXBuildFile; fileRef = B384FC731826E323006C06D3 /* TypesTests.m */; };
		B384FC771826F49F006C06D3 /* ODAssociationEnd.m in Sources */ = {isa = PBXBuildFile; fileRef = B384FC761826F49F006C06D3 /* ODAssociationEnd.m */; };
		B384FC7A1826F82E006C06D3 /* ODMetadataParsingContext.m in Sources */ = {isa = PBXBuildFile; fileRef = B384FC791826F82E006C06D3 /* ODMetadataParsingContext.m */; };
		B384FC7D1827C499006C06D3 /* ODLinksOperation.m in Sources */ = {isa = PBXBuildFile; fileRef = B384FC7C1827C499006C06D3 /* ODLinksOperation.m */; };
		B384FC8118290066006C06D3 /* ODCollectionType.m in Sources */ = {isa = PBXBuildFile; fileRef = B384FC8018290066006C06D3 /* ODCollectionType.m */; };
		B384FC84182909CC006C06D3 /* ODServiceType.m in Sources */ = {isa = PBXBuildFile; fileRef = B384FC83182909CC006C06D3 /* ODServiceType.m */; };
		B384FC87182A43B0006C06D3 /* ODNominalType.m in Sources */ = {isa = PBXBuildFile; fileRef = B384FC86182A43B0006C06D3 /* ODNominalType.m */; };
		B384FC8E182A4907006C06D3 /* ODNominalTypeProxy.m in Sources */ = {isa = PBXBuildFile; fileRef = B384FC8D182A4907006C06D3 /* ODNominalTypeProxy.m */; };
		B384FC91182A6FC9006C06D3 /* ODPrimitiveTypeByte.m in Sources */ = {isa = PBXBuildFile; fileRef = B384FC90182A6FC9006C06D3 /* ODPrimitiveTypeByte.m */; };
		B384FC94182A84D9006C06D3 /* ODPrimitiveTypeSingle.m in Sources */ = {isa = PBXBuildFile; fileRef = B384FC93182A84D9006C06D3 /* ODPrimitiveTypeSingle.m */; };
		B384FC97182A85B2006C06D3 /* ODPrimitiveTypeDouble.m in Sources */ = {isa = PBXBuildFile; fileRef = B384FC96182A85B2006C06D3 /* ODPrimitiveTypeDouble.m */; };
		B3900E6718118102007BCE33 /* Foundation.framework in Frameworks */ = {isa = PBXBuildFile; fileRef = B3900E6618118102007BCE33 /* Foundation.framework */; };
		B3900E6B18118102007BCE33 /* UIKit.framework in Frameworks */ = {isa = PBXBuildFile; fileRef = B3900E6A18118102007BCE33 /* UIKit.framework */; };
		B3900E7318118102007BCE33 /* InfoPlist.strings in Resources */ = {isa = PBXBuildFile; fileRef = B3900E7118118102007BCE33 /* InfoPlist.strings */; };
		B3900E7518118102007BCE33 /* main.m in Sources */ = {isa = PBXBuildFile; fileRef = B3900E7418118102007BCE33 /* main.m */; };
		B3900E7918118102007BCE33 /* OIAppDelegate.m in Sources */ = {isa = PBXBuildFile; fileRef = B3900E7818118102007BCE33 /* OIAppDelegate.m */; };
		B3900E7C18118102007BCE33 /* Main.storyboard in Resources */ = {isa = PBXBuildFile; fileRef = B3900E7A18118102007BCE33 /* Main.storyboard */; };
		B3900E8718118102007BCE33 /* Images.xcassets in Resources */ = {isa = PBXBuildFile; fileRef = B3900E8618118102007BCE33 /* Images.xcassets */; };
		B3900E8E18118102007BCE33 /* XCTest.framework in Frameworks */ = {isa = PBXBuildFile; fileRef = B3900E8D18118102007BCE33 /* XCTest.framework */; };
		B3900E8F18118102007BCE33 /* Foundation.framework in Frameworks */ = {isa = PBXBuildFile; fileRef = B3900E6618118102007BCE33 /* Foundation.framework */; };
		B3900E9018118102007BCE33 /* UIKit.framework in Frameworks */ = {isa = PBXBuildFile; fileRef = B3900E6A18118102007BCE33 /* UIKit.framework */; };
		B3900E9918118102007BCE33 /* InfoPlist.strings in Resources */ = {isa = PBXBuildFile; fileRef = B3900E9718118102007BCE33 /* InfoPlist.strings */; };
		B3900E9B18118102007BCE33 /* OIDataNorthTests.m in Sources */ = {isa = PBXBuildFile; fileRef = B3900E9A18118102007BCE33 /* OIDataNorthTests.m */; };
		B3900EA918118129007BCE33 /* ODOperation.m in Sources */ = {isa = PBXBuildFile; fileRef = B3900EA818118129007BCE33 /* ODOperation.m */; };
		B3900EAF18119337007BCE33 /* ODQueryOperation.m in Sources */ = {isa = PBXBuildFile; fileRef = B3900EAE18119337007BCE33 /* ODQueryOperation.m */; };
		B3900EB5181195A0007BCE33 /* ODCollection.m in Sources */ = {isa = PBXBuildFile; fileRef = B3900EB4181195A0007BCE33 /* ODCollection.m */; };
		B3900EB818119619007BCE33 /* ODEntity.m in Sources */ = {isa = PBXBuildFile; fileRef = B3900EB718119619007BCE33 /* ODEntity.m */; };
		B3900EC61815310C007BCE33 /* ODPrimitiveType.m in Sources */ = {isa = PBXBuildFile; fileRef = B3900EC51815310C007BCE33 /* ODPrimitiveType.m */; };
		B3900F3A1815BA75007BCE33 /* LazyMutableArray.m in Sources */ = {isa = PBXBuildFile; fileRef = B3900F391815BA75007BCE33 /* LazyMutableArray.m */; };
		B3900F3D1815C0AC007BCE33 /* ODCountOperation.m in Sources */ = {isa = PBXBuildFile; fileRef = B3900F3C1815C0AC007BCE33 /* ODCountOperation.m */; };
		B3900F401815CB8D007BCE33 /* ODJSONOperation.m in Sources */ = {isa = PBXBuildFile; fileRef = B3900F3F1815CB8D007BCE33 /* ODJSONOperation.m */; };
		B3900F4D18167765007BCE33 /* ODResource.m in Sources */ = {isa = PBXBuildFile; fileRef = B3900F4C18167765007BCE33 /* ODResource.m */; };
		B3900F5018168161007BCE33 /* ODBaseRequestManager.m in Sources */ = {isa = PBXBuildFile; fileRef = B3900F4F18168161007BCE33 /* ODBaseRequestManager.m */; };
		B3900F5318168170007BCE33 /* ODBatchRequestManager.m in Sources */ = {isa = PBXBuildFile; fileRef = B3900F5218168170007BCE33 /* ODBatchRequestManager.m */; };
		B3900F591816962C007BCE33 /* ODRetrieveOperation.m in Sources */ = {isa = PBXBuildFile; fileRef = B3900F581816962C007BCE33 /* ODRetrieveOperation.m */; };
		B3A4C1F41822DDC900ED9376 /* NSArray+Functional.m in Sources */ = {isa = PBXBuildFile; fileRef = B3A4C1F31822DDC900ED9376 /* NSArray+Functional.m */; };
		B3A4C1F71824F8B200ED9376 /* ODMetadataModel.m in Sources */ = {isa = PBXBuildFile; fileRef = B3A4C1F61824F8B200ED9376 /* ODMetadataModel.m */; };
		B3BDF5801825112E003CF414 /* HelpersTests.m in Sources */ = {isa = PBXBuildFile; fileRef = B3BDF57F1825112E003CF414 /* HelpersTests.m */; };
		B3BDF583182581CC003CF414 /* ODPrimitiveTypeDateTime.m in Sources */ = {isa = PBXBuildFile; fileRef = B3BDF582182581CC003CF414 /* ODPrimitiveTypeDateTime.m */; };
		B3BDF5861825837C003CF414 /* ODPrimitiveTypeInt.m in Sources */ = {isa = PBXBuildFile; fileRef = B3BDF5851825837C003CF414 /* ODPrimitiveTypeInt.m */; };
		B3BDF589182585CF003CF414 /* ODType+Primitive.m in Sources */ = {isa = PBXBuildFile; fileRef = B3BDF588182585CF003CF414 /* ODType+Primitive.m */; };
		B3BDF58D182586DB003CF414 /* ODPrimitiveTypeString.m in Sources */ = {isa = PBXBuildFile; fileRef = B3BDF58C182586DB003CF414 /* ODPrimitiveTypeString.m */; };
		B3BDF590182588CC003CF414 /* ODPrimitiveTypeDecimal.m in Sources */ = {isa = PBXBuildFile; fileRef = B3BDF58F182588CC003CF414 /* ODPrimitiveTypeDecimal.m */; };
		B3BDF59318258A32003CF414 /* ODPrimitiveTypeBinary.m in Sources */ = {isa = PBXBuildFile; fileRef = B3BDF59218258A32003CF414 /* ODPrimitiveTypeBinary.m */; };
		B3BDF59618258FFB003CF414 /* ODPrimitiveTypeBoolean.m in Sources */ = {isa = PBXBuildFile; fileRef = B3BDF59518258FFB003CF414 /* ODPrimitiveTypeBoolean.m */; };
		B3BDF599182591DA003CF414 /* ODPrimitiveTypeSByte.m in Sources */ = {isa = PBXBuildFile; fileRef = B3BDF598182591DA003CF414 /* ODPrimitiveTypeSByte.m */; };
		B3BDF59C18259AA8003CF414 /* ODType.m in Sources */ = {isa = PBXBuildFile; fileRef = B3BDF59B18259AA8003CF414 /* ODType.m */; };
		B3BDF5A21825A96E003CF414 /* ODPrimitiveTypeGuid.m in Sources */ = {isa = PBXBuildFile; fileRef = B3BDF5A11825A96E003CF414 /* ODPrimitiveTypeGuid.m */; };
/* End PBXBuildFile section */

/* Begin PBXContainerItemProxy section */
		B3900E9218118102007BCE33 /* PBXContainerItemProxy */ = {
			isa = PBXContainerItemProxy;
			containerPortal = B3900E5B18118102007BCE33 /* Project object */;
			proxyType = 1;
			remoteGlobalIDString = B3900E6218118102007BCE33;
			remoteInfo = OIDataNorth;
		};
/* End PBXContainerItemProxy section */

/* Begin PBXFileReference section */
		01CB4325C22B4BC6BB25D101 /* libPods.a */ = {isa = PBXFileReference; explicitFileType = archive.ar; includeInIndex = 0; path = libPods.a; sourceTree = BUILT_PRODUCTS_DIR; };
		0B32D1985D36467C94A4C41F /* Pods.xcconfig */ = {isa = PBXFileReference; includeInIndex = 1; lastKnownFileType = text.xcconfig; name = Pods.xcconfig; path = Pods/Pods.xcconfig; sourceTree = "<group>"; };
		B30EF6DA1826446B0091C378 /* ODStructuredType.h */ = {isa = PBXFileReference; fileEncoding = 4; lastKnownFileType = sourcecode.c.h; path = ODStructuredType.h; sourceTree = "<group>"; };
		B30EF6DB1826446B0091C378 /* ODStructuredType.m */ = {isa = PBXFileReference; fileEncoding = 4; lastKnownFileType = sourcecode.c.objc; path = ODStructuredType.m; sourceTree = "<group>"; };
		B30EF6DD182646C30091C378 /* ODCustomEntityType.h */ = {isa = PBXFileReference; fileEncoding = 4; lastKnownFileType = sourcecode.c.h; path = ODCustomEntityType.h; sourceTree = "<group>"; };
		B30EF6DE182646C30091C378 /* ODCustomEntityType.m */ = {isa = PBXFileReference; fileEncoding = 4; lastKnownFileType = sourcecode.c.objc; path = ODCustomEntityType.m; sourceTree = "<group>"; };
		B30EF6E11826CA9E0091C378 /* ODTypeLibrary.h */ = {isa = PBXFileReference; fileEncoding = 4; lastKnownFileType = sourcecode.c.h; path = ODTypeLibrary.h; sourceTree = "<group>"; };
		B30EF6E21826CA9F0091C378 /* ODTypeLibrary.m */ = {isa = PBXFileReference; fileEncoding = 4; lastKnownFileType = sourcecode.c.objc; path = ODTypeLibrary.m; sourceTree = "<group>"; };
		B329A651181E611400B2D8B9 /* NSData+Base64.h */ = {isa = PBXFileReference; fileEncoding = 4; lastKnownFileType = sourcecode.c.h; name = "NSData+Base64.h"; path = "NSData_Base64/NSData+Base64.h"; sourceTree = SOURCE_ROOT; };
		B329A652181E611400B2D8B9 /* NSData+Base64.m */ = {isa = PBXFileReference; fileEncoding = 4; lastKnownFileType = sourcecode.c.objc; name = "NSData+Base64.m"; path = "NSData_Base64/NSData+Base64.m"; sourceTree = SOURCE_ROOT; };
		B329A655181F991A00B2D8B9 /* ODExplorerViewActionsMenu.h */ = {isa = PBXFileReference; fileEncoding = 4; lastKnownFileType = sourcecode.c.h; path = ODExplorerViewActionsMenu.h; sourceTree = "<group>"; };
		B329A656181F991A00B2D8B9 /* ODExplorerViewActionsMenu.m */ = {isa = PBXFileReference; fileEncoding = 4; lastKnownFileType = sourcecode.c.objc; path = ODExplorerViewActionsMenu.m; sourceTree = "<group>"; };
		B329A659181FB5C700B2D8B9 /* JSONDateReader.h */ = {isa = PBXFileReference; fileEncoding = 4; lastKnownFileType = sourcecode.c.h; path = JSONDateReader.h; sourceTree = "<group>"; };
		B329A65A181FB5C700B2D8B9 /* JSONDateReader.m */ = {isa = PBXFileReference; fileEncoding = 4; lastKnownFileType = sourcecode.c.objc; path = JSONDateReader.m; sourceTree = "<group>"; };
		B329A65C181FEF2300B2D8B9 /* ODResource+Entity.h */ = {isa = PBXFileReference; fileEncoding = 4; lastKnownFileType = sourcecode.c.h; path = "ODResource+Entity.h"; sourceTree = "<group>"; };
		B329A65D181FEF2300B2D8B9 /* ODResource+Entity.m */ = {isa = PBXFileReference; fileEncoding = 4; lastKnownFileType = sourcecode.c.objc; path = "ODResource+Entity.m"; sourceTree = "<group>"; };
		B329A65F181FEF6700B2D8B9 /* ODResource+Collection.h */ = {isa = PBXFileReference; fileEncoding = 4; lastKnownFileType = sourcecode.c.h; path = "ODResource+Collection.h"; sourceTree = "<group>"; };
		B329A660181FEF6700B2D8B9 /* ODResource+Collection.m */ = {isa = PBXFileReference; fileEncoding = 4; lastKnownFileType = sourcecode.c.objc; path = "ODResource+Collection.m"; sourceTree = "<group>"; };
		B329A663181FF08400B2D8B9 /* ODRetrieving_Protocol.h */ = {isa = PBXFileReference; lastKnownFileType = sourcecode.c.h; path = ODRetrieving_Protocol.h; sourceTree = "<group>"; };
		B329A664181FF1FB00B2D8B9 /* ODResource_Internal.h */ = {isa = PBXFileReference; lastKnownFileType = sourcecode.c.h; path = ODResource_Internal.h; sourceTree = "<group>"; };
		B329A669182063AF00B2D8B9 /* ODResource+CollectionFields.h */ = {isa = PBXFileReference; fileEncoding = 4; lastKnownFileType = sourcecode.c.h; path = "ODResource+CollectionFields.h"; sourceTree = "<group>"; };
		B329A66A182063AF00B2D8B9 /* ODResource+CollectionFields.m */ = {isa = PBXFileReference; fileEncoding = 4; lastKnownFileType = sourcecode.c.objc; path = "ODResource+CollectionFields.m"; sourceTree = "<group>"; };
		B329A6711821116800B2D8B9 /* ODGenericTableViewCell.h */ = {isa = PBXFileReference; fileEncoding = 4; lastKnownFileType = sourcecode.c.h; path = ODGenericTableViewCell.h; sourceTree = "<group>"; };
		B329A6721821116800B2D8B9 /* ODGenericTableViewCell.m */ = {isa = PBXFileReference; fileEncoding = 4; lastKnownFileType = sourcecode.c.objc; path = ODGenericTableViewCell.m; sourceTree = "<group>"; };
		B329A67418211B3B00B2D8B9 /* ODCreateOperation.h */ = {isa = PBXFileReference; fileEncoding = 4; lastKnownFileType = sourcecode.c.h; path = ODCreateOperation.h; sourceTree = "<group>"; };
		B329A67518211B3B00B2D8B9 /* ODCreateOperation.m */ = {isa = PBXFileReference; fileEncoding = 4; lastKnownFileType = sourcecode.c.objc; path = ODCreateOperation.m; sourceTree = "<group>"; };
		B329A6771821227800B2D8B9 /* ODHTTPOperation.h */ = {isa = PBXFileReference; fileEncoding = 4; lastKnownFileType = sourcecode.c.h; path = ODHTTPOperation.h; sourceTree = "<group>"; };
		B329A6781821227800B2D8B9 /* ODHTTPOperation.m */ = {isa = PBXFileReference; fileEncoding = 4; lastKnownFileType = sourcecode.c.objc; path = ODHTTPOperation.m; sourceTree = "<group>"; };
		B32DE6B9182AF3BA00D208B0 /* ODResource_Protocol.h */ = {isa = PBXFileReference; lastKnownFileType = sourcecode.c.h; path = ODResource_Protocol.h; sourceTree = "<group>"; };
		B34544BF181846340039BD67 /* ODActionOperation.h */ = {isa = PBXFileReference; fileEncoding = 4; lastKnownFileType = sourcecode.c.h; path = ODActionOperation.h; sourceTree = "<group>"; };
		B34544C0181846340039BD67 /* ODActionOperation.m */ = {isa = PBXFileReference; fileEncoding = 4; lastKnownFileType = sourcecode.c.objc; path = ODActionOperation.m; sourceTree = "<group>"; };
		B34544C8181932E60039BD67 /* ODBaseResourceViewController.h */ = {isa = PBXFileReference; fileEncoding = 4; lastKnownFileType = sourcecode.c.h; path = ODBaseResourceViewController.h; sourceTree = "<group>"; };
		B34544C9181932E60039BD67 /* ODBaseResourceViewController.m */ = {isa = PBXFileReference; fileEncoding = 4; lastKnownFileType = sourcecode.c.objc; path = ODBaseResourceViewController.m; sourceTree = "<group>"; };
		B34544CF18195DFB0039BD67 /* ODResourceTableViewCell.h */ = {isa = PBXFileReference; fileEncoding = 4; lastKnownFileType = sourcecode.c.h; path = ODResourceTableViewCell.h; sourceTree = "<group>"; };
		B34544D018195DFB0039BD67 /* ODResourceTableViewCell.m */ = {isa = PBXFileReference; fileEncoding = 4; lastKnownFileType = sourcecode.c.objc; path = ODResourceTableViewCell.m; sourceTree = "<group>"; };
		B34544D218195E6B0039BD67 /* ODEntityTableViewCell.h */ = {isa = PBXFileReference; fileEncoding = 4; lastKnownFileType = sourcecode.c.h; path = ODEntityTableViewCell.h; sourceTree = "<group>"; };
		B34544D318195E6B0039BD67 /* ODEntityTableViewCell.m */ = {isa = PBXFileReference; fileEncoding = 4; lastKnownFileType = sourcecode.c.objc; path = ODEntityTableViewCell.m; sourceTree = "<group>"; };
		B34544D6181968370039BD67 /* ODPropertyTableViewCell.h */ = {isa = PBXFileReference; fileEncoding = 4; lastKnownFileType = sourcecode.c.h; path = ODPropertyTableViewCell.h; sourceTree = "<group>"; };
		B34544D7181968370039BD67 /* ODPropertyTableViewCell.m */ = {isa = PBXFileReference; fileEncoding = 4; lastKnownFileType = sourcecode.c.objc; path = ODPropertyTableViewCell.m; sourceTree = "<group>"; };
		B34544E8181A6AA20039BD67 /* ODResourceList.h */ = {isa = PBXFileReference; fileEncoding = 4; lastKnownFileType = sourcecode.c.h; path = ODResourceList.h; sourceTree = "<group>"; };
		B34544E9181A6AA20039BD67 /* ODResourceList.m */ = {isa = PBXFileReference; fileEncoding = 4; lastKnownFileType = sourcecode.c.objc; path = ODResourceList.m; sourceTree = "<group>"; };
		B34544EE181B278D0039BD67 /* ODRetrieving_Objects.h */ = {isa = PBXFileReference; fileEncoding = 4; lastKnownFileType = sourcecode.c.h; path = ODRetrieving_Objects.h; sourceTree = "<group>"; };
		B34544EF181B278D0039BD67 /* ODRetrieving_Objects.m */ = {isa = PBXFileReference; fileEncoding = 4; lastKnownFileType = sourcecode.c.objc; path = ODRetrieving_Objects.m; sourceTree = "<group>"; };
		B34544F8181BCDCF0039BD67 /* ODOperationResponse.h */ = {isa = PBXFileReference; fileEncoding = 4; lastKnownFileType = sourcecode.c.h; path = ODOperationResponse.h; sourceTree = "<group>"; };
		B34544F9181BCDCF0039BD67 /* ODOperationResponse.m */ = {isa = PBXFileReference; fileEncoding = 4; lastKnownFileType = sourcecode.c.objc; path = ODOperationResponse.m; sourceTree = "<group>"; };
		B34544FB181BEA270039BD67 /* ODPlainOperation.h */ = {isa = PBXFileReference; fileEncoding = 4; lastKnownFileType = sourcecode.c.h; path = ODPlainOperation.h; sourceTree = "<group>"; };
		B34544FC181BEA270039BD67 /* ODPlainOperation.m */ = {isa = PBXFileReference; fileEncoding = 4; lastKnownFileType = sourcecode.c.objc; path = ODPlainOperation.m; sourceTree = "<group>"; };
		B3454501181BF2010039BD67 /* ODOperationError.h */ = {isa = PBXFileReference; fileEncoding = 4; lastKnownFileType = sourcecode.c.h; path = ODOperationError.h; sourceTree = "<group>"; };
		B3454502181BF2010039BD67 /* ODOperationError.m */ = {isa = PBXFileReference; fileEncoding = 4; lastKnownFileType = sourcecode.c.objc; path = ODOperationError.m; sourceTree = "<group>"; };
		B3454506181C0F850039BD67 /* ODOperationError+Parsing.h */ = {isa = PBXFileReference; lastKnownFileType = sourcecode.c.h; path = "ODOperationError+Parsing.h"; sourceTree = "<group>"; };
		B3454507181C7CEA0039BD67 /* OperationWithSteps.h */ = {isa = PBXFileReference; fileEncoding = 4; lastKnownFileType = sourcecode.c.h; path = OperationWithSteps.h; sourceTree = "<group>"; };
		B3454508181C7CEA0039BD67 /* OperationWithSteps.m */ = {isa = PBXFileReference; fileEncoding = 4; lastKnownFileType = sourcecode.c.objc; path = OperationWithSteps.m; sourceTree = "<group>"; };
		B345450C181D500E0039BD67 /* ODOperationError.strings */ = {isa = PBXFileReference; fileEncoding = 4; lastKnownFileType = text.plist.strings; path = ODOperationError.strings; sourceTree = "<group>"; };
		B345450E181D581E0039BD67 /* ODNotifyingManager.h */ = {isa = PBXFileReference; fileEncoding = 4; lastKnownFileType = sourcecode.c.h; path = ODNotifyingManager.h; sourceTree = "<group>"; };
		B345450F181D581E0039BD67 /* ODNotifyingManager.m */ = {isa = PBXFileReference; fileEncoding = 4; lastKnownFileType = sourcecode.c.objc; path = ODNotifyingManager.m; sourceTree = "<group>"; };
		B3454511181D61770039BD67 /* ODLoadingTableViewCell.h */ = {isa = PBXFileReference; fileEncoding = 4; lastKnownFileType = sourcecode.c.h; path = ODLoadingTableViewCell.h; sourceTree = "<group>"; };
		B3454512181D61770039BD67 /* ODLoadingTableViewCell.m */ = {isa = PBXFileReference; fileEncoding = 4; lastKnownFileType = sourcecode.c.objc; path = ODLoadingTableViewCell.m; sourceTree = "<group>"; };
		B35A6429182A9D8A002CF425 /* ODResourceDataSource.h */ = {isa = PBXFileReference; fileEncoding = 4; lastKnownFileType = sourcecode.c.h; path = ODResourceDataSource.h; sourceTree = "<group>"; };
		B35A642A182A9D8A002CF425 /* ODResourceDataSource.m */ = {isa = PBXFileReference; fileEncoding = 4; lastKnownFileType = sourcecode.c.objc; path = ODResourceDataSource.m; sourceTree = "<group>"; };
		B35A642D182AA7F7002CF425 /* ODExplorerViewController.h */ = {isa = PBXFileReference; fileEncoding = 4; lastKnownFileType = sourcecode.c.h; path = ODExplorerViewController.h; sourceTree = "<group>"; };
		B35A642E182AA7F7002CF425 /* ODExplorerViewController.m */ = {isa = PBXFileReference; fileEncoding = 4; lastKnownFileType = sourcecode.c.objc; path = ODExplorerViewController.m; sourceTree = "<group>"; };
		B35A6434182AC838002CF425 /* ODFavorites.h */ = {isa = PBXFileReference; fileEncoding = 4; lastKnownFileType = sourcecode.c.h; path = ODFavorites.h; sourceTree = "<group>"; };
		B35A6435182AC838002CF425 /* ODFavorites.m */ = {isa = PBXFileReference; fileEncoding = 4; lastKnownFileType = sourcecode.c.objc; path = ODFavorites.m; sourceTree = "<group>"; };
		B35A6437182AC9CC002CF425 /* ODFavoritesViewController.h */ = {isa = PBXFileReference; fileEncoding = 4; lastKnownFileType = sourcecode.c.h; path = ODFavoritesViewController.h; sourceTree = "<group>"; };
		B35A6438182AC9CC002CF425 /* ODFavoritesViewController.m */ = {isa = PBXFileReference; fileEncoding = 4; lastKnownFileType = sourcecode.c.objc; path = ODFavoritesViewController.m; sourceTree = "<group>"; };
		B36C7D18182D608E00038420 /* ODEntity_Protocol.h */ = {isa = PBXFileReference; lastKnownFileType = sourcecode.c.h; path = ODEntity_Protocol.h; sourceTree = "<group>"; };
		B36C7D19182D612200038420 /* ODCollection_Protocol.h */ = {isa = PBXFileReference; lastKnownFileType = sourcecode.c.h; path = ODCollection_Protocol.h; sourceTree = "<group>"; };
		B384FC701826E104006C06D3 /* ODMetadataOperation.h */ = {isa = PBXFileReference; fileEncoding = 4; lastKnownFileType = sourcecode.c.h; path = ODMetadataOperation.h; sourceTree = "<group>"; };
		B384FC711826E104006C06D3 /* ODMetadataOperation.m */ = {isa = PBXFileReference; fileEncoding = 4; lastKnownFileType = sourcecode.c.objc; path = ODMetadataOperation.m; sourceTree = "<group>"; };
		B384FC731826E323006C06D3 /* TypesTests.m */ = {isa = PBXFileReference; fileEncoding = 4; lastKnownFileType = sourcecode.c.objc; path = TypesTests.m; sourceTree = "<group>"; };
		B384FC751826F49F006C06D3 /* ODAssociationEnd.h */ = {isa = PBXFileReference; fileEncoding = 4; lastKnownFileType = sourcecode.c.h; path = ODAssociationEnd.h; sourceTree = "<group>"; };
		B384FC761826F49F006C06D3 /* ODAssociationEnd.m */ = {isa = PBXFileReference; fileEncoding = 4; lastKnownFileType = sourcecode.c.objc; path = ODAssociationEnd.m; sourceTree = "<group>"; };
		B384FC781826F82E006C06D3 /* ODMetadataParsingContext.h */ = {isa = PBXFileReference; fileEncoding = 4; lastKnownFileType = sourcecode.c.h; path = ODMetadataParsingContext.h; sourceTree = "<group>"; };
		B384FC791826F82E006C06D3 /* ODMetadataParsingContext.m */ = {isa = PBXFileReference; fileEncoding = 4; lastKnownFileType = sourcecode.c.objc; path = ODMetadataParsingContext.m; sourceTree = "<group>"; };
		B384FC7B1827C499006C06D3 /* ODLinksOperation.h */ = {isa = PBXFileReference; fileEncoding = 4; lastKnownFileType = sourcecode.c.h; path = ODLinksOperation.h; sourceTree = "<group>"; };
		B384FC7C1827C499006C06D3 /* ODLinksOperation.m */ = {isa = PBXFileReference; fileEncoding = 4; lastKnownFileType = sourcecode.c.objc; path = ODLinksOperation.m; sourceTree = "<group>"; };
		B384FC7F18290066006C06D3 /* ODCollectionType.h */ = {isa = PBXFileReference; fileEncoding = 4; lastKnownFileType = sourcecode.c.h; path = ODCollectionType.h; sourceTree = "<group>"; };
		B384FC8018290066006C06D3 /* ODCollectionType.m */ = {isa = PBXFileReference; fileEncoding = 4; lastKnownFileType = sourcecode.c.objc; path = ODCollectionType.m; sourceTree = "<group>"; };
		B384FC82182909CC006C06D3 /* ODServiceType.h */ = {isa = PBXFileReference; fileEncoding = 4; lastKnownFileType = sourcecode.c.h; path = ODServiceType.h; sourceTree = "<group>"; };
		B384FC83182909CC006C06D3 /* ODServiceType.m */ = {isa = PBXFileReference; fileEncoding = 4; lastKnownFileType = sourcecode.c.objc; path = ODServiceType.m; sourceTree = "<group>"; };
		B384FC85182A43B0006C06D3 /* ODNominalType.h */ = {isa = PBXFileReference; fileEncoding = 4; lastKnownFileType = sourcecode.c.h; path = ODNominalType.h; sourceTree = "<group>"; };
		B384FC86182A43B0006C06D3 /* ODNominalType.m */ = {isa = PBXFileReference; fileEncoding = 4; lastKnownFileType = sourcecode.c.objc; path = ODNominalType.m; sourceTree = "<group>"; };
		B384FC8C182A4907006C06D3 /* ODNominalTypeProxy.h */ = {isa = PBXFileReference; fileEncoding = 4; lastKnownFileType = sourcecode.c.h; path = ODNominalTypeProxy.h; sourceTree = "<group>"; };
		B384FC8D182A4907006C06D3 /* ODNominalTypeProxy.m */ = {isa = PBXFileReference; fileEncoding = 4; lastKnownFileType = sourcecode.c.objc; path = ODNominalTypeProxy.m; sourceTree = "<group>"; };
		B384FC8F182A6FC9006C06D3 /* ODPrimitiveTypeByte.h */ = {isa = PBXFileReference; fileEncoding = 4; lastKnownFileType = sourcecode.c.h; path = ODPrimitiveTypeByte.h; sourceTree = "<group>"; };
		B384FC90182A6FC9006C06D3 /* ODPrimitiveTypeByte.m */ = {isa = PBXFileReference; fileEncoding = 4; lastKnownFileType = sourcecode.c.objc; path = ODPrimitiveTypeByte.m; sourceTree = "<group>"; };
		B384FC92182A84D9006C06D3 /* ODPrimitiveTypeSingle.h */ = {isa = PBXFileReference; fileEncoding = 4; lastKnownFileType = sourcecode.c.h; path = ODPrimitiveTypeSingle.h; sourceTree = "<group>"; };
		B384FC93182A84D9006C06D3 /* ODPrimitiveTypeSingle.m */ = {isa = PBXFileReference; fileEncoding = 4; lastKnownFileType = sourcecode.c.objc; path = ODPrimitiveTypeSingle.m; sourceTree = "<group>"; };
		B384FC95182A85B2006C06D3 /* ODPrimitiveTypeDouble.h */ = {isa = PBXFileReference; fileEncoding = 4; lastKnownFileType = sourcecode.c.h; path = ODPrimitiveTypeDouble.h; sourceTree = "<group>"; };
		B384FC96182A85B2006C06D3 /* ODPrimitiveTypeDouble.m */ = {isa = PBXFileReference; fileEncoding = 4; lastKnownFileType = sourcecode.c.objc; path = ODPrimitiveTypeDouble.m; sourceTree = "<group>"; };
		B3900E6318118102007BCE33 /* OIDataNorth.app */ = {isa = PBXFileReference; explicitFileType = wrapper.application; includeInIndex = 0; path = OIDataNorth.app; sourceTree = BUILT_PRODUCTS_DIR; };
		B3900E6618118102007BCE33 /* Foundation.framework */ = {isa = PBXFileReference; lastKnownFileType = wrapper.framework; name = Foundation.framework; path = System/Library/Frameworks/Foundation.framework; sourceTree = SDKROOT; };
		B3900E6A18118102007BCE33 /* UIKit.framework */ = {isa = PBXFileReference; lastKnownFileType = wrapper.framework; name = UIKit.framework; path = System/Library/Frameworks/UIKit.framework; sourceTree = SDKROOT; };
		B3900E7018118102007BCE33 /* OIDataNorth-Info.plist */ = {isa = PBXFileReference; lastKnownFileType = text.plist.xml; path = "OIDataNorth-Info.plist"; sourceTree = "<group>"; };
		B3900E7218118102007BCE33 /* en */ = {isa = PBXFileReference; lastKnownFileType = text.plist.strings; name = en; path = en.lproj/InfoPlist.strings; sourceTree = "<group>"; };
		B3900E7418118102007BCE33 /* main.m */ = {isa = PBXFileReference; lastKnownFileType = sourcecode.c.objc; path = main.m; sourceTree = "<group>"; };
		B3900E7618118102007BCE33 /* OIDataNorth-Prefix.pch */ = {isa = PBXFileReference; lastKnownFileType = sourcecode.c.h; path = "OIDataNorth-Prefix.pch"; sourceTree = "<group>"; };
		B3900E7718118102007BCE33 /* OIAppDelegate.h */ = {isa = PBXFileReference; lastKnownFileType = sourcecode.c.h; path = OIAppDelegate.h; sourceTree = "<group>"; };
		B3900E7818118102007BCE33 /* OIAppDelegate.m */ = {isa = PBXFileReference; lastKnownFileType = sourcecode.c.objc; path = OIAppDelegate.m; sourceTree = "<group>"; };
		B3900E7B18118102007BCE33 /* Base */ = {isa = PBXFileReference; lastKnownFileType = file.storyboard; name = Base; path = Base.lproj/Main.storyboard; sourceTree = "<group>"; };
		B3900E8618118102007BCE33 /* Images.xcassets */ = {isa = PBXFileReference; lastKnownFileType = folder.assetcatalog; path = Images.xcassets; sourceTree = "<group>"; };
		B3900E8C18118102007BCE33 /* OIDataNorthTests.xctest */ = {isa = PBXFileReference; explicitFileType = wrapper.cfbundle; includeInIndex = 0; path = OIDataNorthTests.xctest; sourceTree = BUILT_PRODUCTS_DIR; };
		B3900E8D18118102007BCE33 /* XCTest.framework */ = {isa = PBXFileReference; lastKnownFileType = wrapper.framework; name = XCTest.framework; path = Library/Frameworks/XCTest.framework; sourceTree = DEVELOPER_DIR; };
		B3900E9618118102007BCE33 /* OIDataNorthTests-Info.plist */ = {isa = PBXFileReference; lastKnownFileType = text.plist.xml; path = "OIDataNorthTests-Info.plist"; sourceTree = "<group>"; };
		B3900E9818118102007BCE33 /* en */ = {isa = PBXFileReference; lastKnownFileType = text.plist.strings; name = en; path = en.lproj/InfoPlist.strings; sourceTree = "<group>"; };
		B3900E9A18118102007BCE33 /* OIDataNorthTests.m */ = {isa = PBXFileReference; lastKnownFileType = sourcecode.c.objc; path = OIDataNorthTests.m; sourceTree = "<group>"; };
		B3900EA718118129007BCE33 /* ODOperation.h */ = {isa = PBXFileReference; fileEncoding = 4; lastKnownFileType = sourcecode.c.h; path = ODOperation.h; sourceTree = "<group>"; };
		B3900EA818118129007BCE33 /* ODOperation.m */ = {isa = PBXFileReference; fileEncoding = 4; lastKnownFileType = sourcecode.c.objc; path = ODOperation.m; sourceTree = "<group>"; };
		B3900EAD18119337007BCE33 /* ODQueryOperation.h */ = {isa = PBXFileReference; fileEncoding = 4; lastKnownFileType = sourcecode.c.h; path = ODQueryOperation.h; sourceTree = "<group>"; };
		B3900EAE18119337007BCE33 /* ODQueryOperation.m */ = {isa = PBXFileReference; fileEncoding = 4; lastKnownFileType = sourcecode.c.objc; lineEnding = 0; path = ODQueryOperation.m; sourceTree = "<group>"; xcLanguageSpecificationIdentifier = xcode.lang.objc; };
		B3900EB3181195A0007BCE33 /* ODCollection.h */ = {isa = PBXFileReference; fileEncoding = 4; lastKnownFileType = sourcecode.c.h; path = ODCollection.h; sourceTree = "<group>"; };
		B3900EB4181195A0007BCE33 /* ODCollection.m */ = {isa = PBXFileReference; fileEncoding = 4; lastKnownFileType = sourcecode.c.objc; lineEnding = 0; path = ODCollection.m; sourceTree = "<group>"; xcLanguageSpecificationIdentifier = xcode.lang.objc; };
		B3900EB618119619007BCE33 /* ODEntity.h */ = {isa = PBXFileReference; fileEncoding = 4; lastKnownFileType = sourcecode.c.h; path = ODEntity.h; sourceTree = "<group>"; };
		B3900EB718119619007BCE33 /* ODEntity.m */ = {isa = PBXFileReference; fileEncoding = 4; lastKnownFileType = sourcecode.c.objc; path = ODEntity.m; sourceTree = "<group>"; };
		B3900EBA181198CB007BCE33 /* NorthwindService.h */ = {isa = PBXFileReference; fileEncoding = 4; lastKnownFileType = sourcecode.c.h; path = NorthwindService.h; sourceTree = "<group>"; };
		B3900EBB181198CB007BCE33 /* NorthwindService.m */ = {isa = PBXFileReference; fileEncoding = 4; lastKnownFileType = sourcecode.c.objc; path = NorthwindService.m; sourceTree = "<group>"; };
		B3900EC41815310C007BCE33 /* ODPrimitiveType.h */ = {isa = PBXFileReference; fileEncoding = 4; lastKnownFileType = sourcecode.c.h; path = ODPrimitiveType.h; sourceTree = "<group>"; };
		B3900EC51815310C007BCE33 /* ODPrimitiveType.m */ = {isa = PBXFileReference; fileEncoding = 4; lastKnownFileType = sourcecode.c.objc; path = ODPrimitiveType.m; sourceTree = "<group>"; };
		B3900EC71815318B007BCE33 /* Product.h */ = {isa = PBXFileReference; fileEncoding = 4; lastKnownFileType = sourcecode.c.h; path = Product.h; sourceTree = "<group>"; };
		B3900EC81815318B007BCE33 /* Product.m */ = {isa = PBXFileReference; fileEncoding = 4; lastKnownFileType = sourcecode.c.objc; path = Product.m; sourceTree = "<group>"; };
		B3900EED18153E47007BCE33 /* Cocoa.framework */ = {isa = PBXFileReference; lastKnownFileType = wrapper.framework; name = Cocoa.framework; path = Library/Frameworks/Cocoa.framework; sourceTree = DEVELOPER_DIR; };
		B3900EF018153E47007BCE33 /* AppKit.framework */ = {isa = PBXFileReference; lastKnownFileType = wrapper.framework; name = AppKit.framework; path = Library/Frameworks/AppKit.framework; sourceTree = SDKROOT; };
		B3900EF118153E47007BCE33 /* CoreData.framework */ = {isa = PBXFileReference; lastKnownFileType = wrapper.framework; name = CoreData.framework; path = Library/Frameworks/CoreData.framework; sourceTree = SDKROOT; };
		B3900EF218153E47007BCE33 /* Foundation.framework */ = {isa = PBXFileReference; lastKnownFileType = wrapper.framework; name = Foundation.framework; path = Library/Frameworks/Foundation.framework; sourceTree = SDKROOT; };
		B3900F2A1815407D007BCE33 /* libPods.a */ = {isa = PBXFileReference; lastKnownFileType = archive.ar; name = libPods.a; path = "Pods/build/Debug-iphoneos/libPods.a"; sourceTree = "<group>"; };
		B3900F2C18155FBC007BCE33 /* Employee.h */ = {isa = PBXFileReference; fileEncoding = 4; lastKnownFileType = sourcecode.c.h; path = Employee.h; sourceTree = "<group>"; };
		B3900F2D18155FBC007BCE33 /* Employee.m */ = {isa = PBXFileReference; fileEncoding = 4; lastKnownFileType = sourcecode.c.objc; path = Employee.m; sourceTree = "<group>"; };
		B3900F2F18155FCC007BCE33 /* Customer.h */ = {isa = PBXFileReference; fileEncoding = 4; lastKnownFileType = sourcecode.c.h; path = Customer.h; sourceTree = "<group>"; };
		B3900F3018155FCC007BCE33 /* Customer.m */ = {isa = PBXFileReference; fileEncoding = 4; lastKnownFileType = sourcecode.c.objc; path = Customer.m; sourceTree = "<group>"; };
		B3900F381815BA75007BCE33 /* LazyMutableArray.h */ = {isa = PBXFileReference; fileEncoding = 4; lastKnownFileType = sourcecode.c.h; path = LazyMutableArray.h; sourceTree = "<group>"; };
		B3900F391815BA75007BCE33 /* LazyMutableArray.m */ = {isa = PBXFileReference; fileEncoding = 4; lastKnownFileType = sourcecode.c.objc; lineEnding = 0; path = LazyMutableArray.m; sourceTree = "<group>"; xcLanguageSpecificationIdentifier = xcode.lang.objc; };
		B3900F3B1815C0AC007BCE33 /* ODCountOperation.h */ = {isa = PBXFileReference; fileEncoding = 4; lastKnownFileType = sourcecode.c.h; path = ODCountOperation.h; sourceTree = "<group>"; };
		B3900F3C1815C0AC007BCE33 /* ODCountOperation.m */ = {isa = PBXFileReference; fileEncoding = 4; lastKnownFileType = sourcecode.c.objc; path = ODCountOperation.m; sourceTree = "<group>"; };
		B3900F3E1815CB8D007BCE33 /* ODJSONOperation.h */ = {isa = PBXFileReference; fileEncoding = 4; lastKnownFileType = sourcecode.c.h; path = ODJSONOperation.h; sourceTree = "<group>"; };
		B3900F3F1815CB8D007BCE33 /* ODJSONOperation.m */ = {isa = PBXFileReference; fileEncoding = 4; lastKnownFileType = sourcecode.c.objc; path = ODJSONOperation.m; sourceTree = "<group>"; };
		B3900F491816765B007BCE33 /* ODManaging.h */ = {isa = PBXFileReference; lastKnownFileType = sourcecode.c.h; path = ODManaging.h; sourceTree = "<group>"; };
		B3900F4B18167765007BCE33 /* ODResource.h */ = {isa = PBXFileReference; fileEncoding = 4; lastKnownFileType = sourcecode.c.h; path = ODResource.h; sourceTree = "<group>"; };
		B3900F4C18167765007BCE33 /* ODResource.m */ = {isa = PBXFileReference; fileEncoding = 4; lastKnownFileType = sourcecode.c.objc; path = ODResource.m; sourceTree = "<group>"; };
		B3900F4E18168161007BCE33 /* ODBaseRequestManager.h */ = {isa = PBXFileReference; fileEncoding = 4; lastKnownFileType = sourcecode.c.h; path = ODBaseRequestManager.h; sourceTree = "<group>"; };
		B3900F4F18168161007BCE33 /* ODBaseRequestManager.m */ = {isa = PBXFileReference; fileEncoding = 4; lastKnownFileType = sourcecode.c.objc; path = ODBaseRequestManager.m; sourceTree = "<group>"; };
		B3900F5118168170007BCE33 /* ODBatchRequestManager.h */ = {isa = PBXFileReference; fileEncoding = 4; lastKnownFileType = sourcecode.c.h; path = ODBatchRequestManager.h; sourceTree = "<group>"; };
		B3900F5218168170007BCE33 /* ODBatchRequestManager.m */ = {isa = PBXFileReference; fileEncoding = 4; lastKnownFileType = sourcecode.c.objc; path = ODBatchRequestManager.m; sourceTree = "<group>"; };
		B3900F5418168C99007BCE33 /* Supplier.h */ = {isa = PBXFileReference; fileEncoding = 4; lastKnownFileType = sourcecode.c.h; path = Supplier.h; sourceTree = "<group>"; };
		B3900F5518168C99007BCE33 /* Supplier.m */ = {isa = PBXFileReference; fileEncoding = 4; lastKnownFileType = sourcecode.c.objc; path = Supplier.m; sourceTree = "<group>"; };
		B3900F571816962C007BCE33 /* ODRetrieveOperation.h */ = {isa = PBXFileReference; fileEncoding = 4; lastKnownFileType = sourcecode.c.h; path = ODRetrieveOperation.h; sourceTree = "<group>"; };
		B3900F581816962C007BCE33 /* ODRetrieveOperation.m */ = {isa = PBXFileReference; fileEncoding = 4; lastKnownFileType = sourcecode.c.objc; path = ODRetrieveOperation.m; sourceTree = "<group>"; };
		B3A4C1F21822DDC900ED9376 /* NSArray+Functional.h */ = {isa = PBXFileReference; fileEncoding = 4; lastKnownFileType = sourcecode.c.h; path = "NSArray+Functional.h"; sourceTree = "<group>"; };
		B3A4C1F31822DDC900ED9376 /* NSArray+Functional.m */ = {isa = PBXFileReference; fileEncoding = 4; lastKnownFileType = sourcecode.c.objc; path = "NSArray+Functional.m"; sourceTree = "<group>"; };
		B3A4C1F51824F8B200ED9376 /* ODMetadataModel.h */ = {isa = PBXFileReference; fileEncoding = 4; lastKnownFileType = sourcecode.c.h; path = ODMetadataModel.h; sourceTree = "<group>"; };
		B3A4C1F61824F8B200ED9376 /* ODMetadataModel.m */ = {isa = PBXFileReference; fileEncoding = 4; lastKnownFileType = sourcecode.c.objc; path = ODMetadataModel.m; sourceTree = "<group>"; };
		B3BDF57F1825112E003CF414 /* HelpersTests.m */ = {isa = PBXFileReference; fileEncoding = 4; lastKnownFileType = sourcecode.c.objc; path = HelpersTests.m; sourceTree = "<group>"; };
		B3BDF581182581CC003CF414 /* ODPrimitiveTypeDateTime.h */ = {isa = PBXFileReference; fileEncoding = 4; lastKnownFileType = sourcecode.c.h; path = ODPrimitiveTypeDateTime.h; sourceTree = "<group>"; };
		B3BDF582182581CC003CF414 /* ODPrimitiveTypeDateTime.m */ = {isa = PBXFileReference; fileEncoding = 4; lastKnownFileType = sourcecode.c.objc; path = ODPrimitiveTypeDateTime.m; sourceTree = "<group>"; };
		B3BDF5841825837C003CF414 /* ODPrimitiveTypeInt.h */ = {isa = PBXFileReference; fileEncoding = 4; lastKnownFileType = sourcecode.c.h; path = ODPrimitiveTypeInt.h; sourceTree = "<group>"; };
		B3BDF5851825837C003CF414 /* ODPrimitiveTypeInt.m */ = {isa = PBXFileReference; fileEncoding = 4; lastKnownFileType = sourcecode.c.objc; path = ODPrimitiveTypeInt.m; sourceTree = "<group>"; };
		B3BDF587182585CF003CF414 /* ODType+Primitive.h */ = {isa = PBXFileReference; fileEncoding = 4; lastKnownFileType = sourcecode.c.h; path = "ODType+Primitive.h"; sourceTree = "<group>"; };
		B3BDF588182585CF003CF414 /* ODType+Primitive.m */ = {isa = PBXFileReference; fileEncoding = 4; lastKnownFileType = sourcecode.c.objc; path = "ODType+Primitive.m"; sourceTree = "<group>"; };
		B3BDF58B182586DB003CF414 /* ODPrimitiveTypeString.h */ = {isa = PBXFileReference; fileEncoding = 4; lastKnownFileType = sourcecode.c.h; path = ODPrimitiveTypeString.h; sourceTree = "<group>"; };
		B3BDF58C182586DB003CF414 /* ODPrimitiveTypeString.m */ = {isa = PBXFileReference; fileEncoding = 4; lastKnownFileType = sourcecode.c.objc; path = ODPrimitiveTypeString.m; sourceTree = "<group>"; };
		B3BDF58E182588CC003CF414 /* ODPrimitiveTypeDecimal.h */ = {isa = PBXFileReference; fileEncoding = 4; lastKnownFileType = sourcecode.c.h; path = ODPrimitiveTypeDecimal.h; sourceTree = "<group>"; };
		B3BDF58F182588CC003CF414 /* ODPrimitiveTypeDecimal.m */ = {isa = PBXFileReference; fileEncoding = 4; lastKnownFileType = sourcecode.c.objc; path = ODPrimitiveTypeDecimal.m; sourceTree = "<group>"; };
		B3BDF59118258A32003CF414 /* ODPrimitiveTypeBinary.h */ = {isa = PBXFileReference; fileEncoding = 4; lastKnownFileType = sourcecode.c.h; path = ODPrimitiveTypeBinary.h; sourceTree = "<group>"; };
		B3BDF59218258A32003CF414 /* ODPrimitiveTypeBinary.m */ = {isa = PBXFileReference; fileEncoding = 4; lastKnownFileType = sourcecode.c.objc; path = ODPrimitiveTypeBinary.m; sourceTree = "<group>"; };
		B3BDF59418258FFB003CF414 /* ODPrimitiveTypeBoolean.h */ = {isa = PBXFileReference; fileEncoding = 4; lastKnownFileType = sourcecode.c.h; path = ODPrimitiveTypeBoolean.h; sourceTree = "<group>"; };
		B3BDF59518258FFB003CF414 /* ODPrimitiveTypeBoolean.m */ = {isa = PBXFileReference; fileEncoding = 4; lastKnownFileType = sourcecode.c.objc; path = ODPrimitiveTypeBoolean.m; sourceTree = "<group>"; };
		B3BDF597182591DA003CF414 /* ODPrimitiveTypeSByte.h */ = {isa = PBXFileReference; fileEncoding = 4; lastKnownFileType = sourcecode.c.h; path = ODPrimitiveTypeSByte.h; sourceTree = "<group>"; };
		B3BDF598182591DA003CF414 /* ODPrimitiveTypeSByte.m */ = {isa = PBXFileReference; fileEncoding = 4; lastKnownFileType = sourcecode.c.objc; path = ODPrimitiveTypeSByte.m; sourceTree = "<group>"; };
		B3BDF59A18259AA8003CF414 /* ODType.h */ = {isa = PBXFileReference; fileEncoding = 4; lastKnownFileType = sourcecode.c.h; path = ODType.h; sourceTree = "<group>"; };
		B3BDF59B18259AA8003CF414 /* ODType.m */ = {isa = PBXFileReference; fileEncoding = 4; lastKnownFileType = sourcecode.c.objc; path = ODType.m; sourceTree = "<group>"; };
		B3BDF5A01825A96E003CF414 /* ODPrimitiveTypeGuid.h */ = {isa = PBXFileReference; fileEncoding = 4; lastKnownFileType = sourcecode.c.h; path = ODPrimitiveTypeGuid.h; sourceTree = "<group>"; };
		B3BDF5A11825A96E003CF414 /* ODPrimitiveTypeGuid.m */ = {isa = PBXFileReference; fileEncoding = 4; lastKnownFileType = sourcecode.c.objc; path = ODPrimitiveTypeGuid.m; sourceTree = "<group>"; };
/* End PBXFileReference section */

/* Begin PBXFrameworksBuildPhase section */
		B3900E6018118102007BCE33 /* Frameworks */ = {
			isa = PBXFrameworksBuildPhase;
			buildActionMask = 2147483647;
			files = (
				B3900E6B18118102007BCE33 /* UIKit.framework in Frameworks */,
				B3900E6718118102007BCE33 /* Foundation.framework in Frameworks */,
				8286066B64554EB289873BF3 /* libPods.a in Frameworks */,
			);
			runOnlyForDeploymentPostprocessing = 0;
		};
		B3900E8918118102007BCE33 /* Frameworks */ = {
			isa = PBXFrameworksBuildPhase;
			buildActionMask = 2147483647;
			files = (
				B3900E8E18118102007BCE33 /* XCTest.framework in Frameworks */,
				B3900E9018118102007BCE33 /* UIKit.framework in Frameworks */,
				B3900E8F18118102007BCE33 /* Foundation.framework in Frameworks */,
			);
			runOnlyForDeploymentPostprocessing = 0;
		};
/* End PBXFrameworksBuildPhase section */

/* Begin PBXGroup section */
		B30EF6E0182646CC0091C378 /* Structured types */ = {
			isa = PBXGroup;
			children = (
				B30EF6DA1826446B0091C378 /* ODStructuredType.h */,
				B30EF6DB1826446B0091C378 /* ODStructuredType.m */,
				B30EF6DD182646C30091C378 /* ODCustomEntityType.h */,
				B30EF6DE182646C30091C378 /* ODCustomEntityType.m */,
			);
			name = "Structured types";
			sourceTree = "<group>";
		};
		B30EF6E41826CDB80091C378 /* Type groups */ = {
			isa = PBXGroup;
			children = (
				B3A4C1F51824F8B200ED9376 /* ODMetadataModel.h */,
				B3A4C1F61824F8B200ED9376 /* ODMetadataModel.m */,
				B384FC781826F82E006C06D3 /* ODMetadataParsingContext.h */,
				B384FC791826F82E006C06D3 /* ODMetadataParsingContext.m */,
				B30EF6E11826CA9E0091C378 /* ODTypeLibrary.h */,
				B30EF6E21826CA9F0091C378 /* ODTypeLibrary.m */,
				B384FC751826F49F006C06D3 /* ODAssociationEnd.h */,
				B384FC761826F49F006C06D3 /* ODAssociationEnd.m */,
			);
			name = "Type groups";
			sourceTree = "<group>";
		};
		B329A658181F991F00B2D8B9 /* Actions */ = {
			isa = PBXGroup;
			children = (
				B329A655181F991A00B2D8B9 /* ODExplorerViewActionsMenu.h */,
				B329A656181F991A00B2D8B9 /* ODExplorerViewActionsMenu.m */,
			);
			name = Actions;
			sourceTree = "<group>";
		};
		B329A665181FF73D00B2D8B9 /* Base */ = {
			isa = PBXGroup;
			children = (
				B3900F4B18167765007BCE33 /* ODResource.h */,
				B329A664181FF1FB00B2D8B9 /* ODResource_Internal.h */,
				B3900F4C18167765007BCE33 /* ODResource.m */,
			);
			name = Base;
			sourceTree = "<group>";
		};
		B329A66C1820FC1E00B2D8B9 /* Requests */ = {
			isa = PBXGroup;
			children = (
				B3900F4E18168161007BCE33 /* ODBaseRequestManager.h */,
				B3900F4F18168161007BCE33 /* ODBaseRequestManager.m */,
				B3900F5118168170007BCE33 /* ODBatchRequestManager.h */,
				B3900F5218168170007BCE33 /* ODBatchRequestManager.m */,
			);
			name = Requests;
			sourceTree = "<group>";
		};
		B329A66D1820FC3700B2D8B9 /* Observers */ = {
			isa = PBXGroup;
			children = (
				B345450E181D581E0039BD67 /* ODNotifyingManager.h */,
				B345450F181D581E0039BD67 /* ODNotifyingManager.m */,
			);
			name = Observers;
			sourceTree = "<group>";
		};
		B32DE6B8182AF36A00D208B0 /* Box "Abstract" */ = {
			isa = PBXGroup;
			children = (
				B3BDF59A18259AA8003CF414 /* ODType.h */,
				B32DE6B9182AF3BA00D208B0 /* ODResource_Protocol.h */,
				B329A663181FF08400B2D8B9 /* ODRetrieving_Protocol.h */,
				B36C7D18182D608E00038420 /* ODEntity_Protocol.h */,
				B36C7D19182D612200038420 /* ODCollection_Protocol.h */,
			);
			name = "Box \"Abstract\"";
			sourceTree = "<group>";
		};
		B32DE6BA182AF47700D208B0 /* Box "Core" */ = {
			isa = PBXGroup;
			children = (
				B3900F48181675F7007BCE33 /* Managing */,
				B34544F1181B27DF0039BD67 /* Retrieval */,
				B3900F421815D84A007BCE33 /* Resources */,
				B3900F411815D82B007BCE33 /* Operations */,
				B34544F2181B2E3E0039BD67 /* Types */,
			);
			name = "Box \"Core\"";
			sourceTree = "<group>";
		};
		B34544D518195F990039BD67 /* Cells */ = {
			isa = PBXGroup;
			children = (
				B34544CF18195DFB0039BD67 /* ODResourceTableViewCell.h */,
				B34544D018195DFB0039BD67 /* ODResourceTableViewCell.m */,
				B329A6711821116800B2D8B9 /* ODGenericTableViewCell.h */,
				B329A6721821116800B2D8B9 /* ODGenericTableViewCell.m */,
				B34544D6181968370039BD67 /* ODPropertyTableViewCell.h */,
				B34544D7181968370039BD67 /* ODPropertyTableViewCell.m */,
				B34544D218195E6B0039BD67 /* ODEntityTableViewCell.h */,
				B34544D318195E6B0039BD67 /* ODEntityTableViewCell.m */,
				B3454511181D61770039BD67 /* ODLoadingTableViewCell.h */,
				B3454512181D61770039BD67 /* ODLoadingTableViewCell.m */,
			);
			name = Cells;
			sourceTree = "<group>";
		};
		B34544F1181B27DF0039BD67 /* Retrieval */ = {
			isa = PBXGroup;
			children = (
				B34544EE181B278D0039BD67 /* ODRetrieving_Objects.h */,
				B34544EF181B278D0039BD67 /* ODRetrieving_Objects.m */,
			);
			name = Retrieval;
			sourceTree = "<group>";
		};
		B34544F2181B2E3E0039BD67 /* Types */ = {
			isa = PBXGroup;
			children = (
				B3BDF59B18259AA8003CF414 /* ODType.m */,
				B30EF6E41826CDB80091C378 /* Type groups */,
				B384FC89182A43E7006C06D3 /* Collection Types */,
				B384FC8B182A487A006C06D3 /* Nominal types  */,
			);
			name = Types;
			sourceTree = "<group>";
		};
		B34544FE181BEA430039BD67 /* Plain return type */ = {
			isa = PBXGroup;
			children = (
				B34544FB181BEA270039BD67 /* ODPlainOperation.h */,
				B34544FC181BEA270039BD67 /* ODPlainOperation.m */,
				B3900F3B1815C0AC007BCE33 /* ODCountOperation.h */,
				B3900F3C1815C0AC007BCE33 /* ODCountOperation.m */,
			);
			name = "Plain return type";
			sourceTree = "<group>";
		};
		B34544FF181BEA580039BD67 /* JSON return type */ = {
			isa = PBXGroup;
			children = (
				B3900F3E1815CB8D007BCE33 /* ODJSONOperation.h */,
				B3900F3F1815CB8D007BCE33 /* ODJSONOperation.m */,
				B3900EAD18119337007BCE33 /* ODQueryOperation.h */,
				B3900EAE18119337007BCE33 /* ODQueryOperation.m */,
				B3900F571816962C007BCE33 /* ODRetrieveOperation.h */,
				B3900F581816962C007BCE33 /* ODRetrieveOperation.m */,
				B34544BF181846340039BD67 /* ODActionOperation.h */,
				B34544C0181846340039BD67 /* ODActionOperation.m */,
				B329A67418211B3B00B2D8B9 /* ODCreateOperation.h */,
				B329A67518211B3B00B2D8B9 /* ODCreateOperation.m */,
				B384FC7B1827C499006C06D3 /* ODLinksOperation.h */,
				B384FC7C1827C499006C06D3 /* ODLinksOperation.m */,
			);
			name = "JSON return type";
			sourceTree = "<group>";
		};
		B3454505181C0CE20039BD67 /* Box "UI" */ = {
			isa = PBXGroup;
			children = (
				B329A658181F991F00B2D8B9 /* Actions */,
				B35A6431182AB5E5002CF425 /* Base */,
				B34544D518195F990039BD67 /* Cells */,
				B35A642C182A9D8E002CF425 /* Datasource */,
				B35A6432182AB702002CF425 /* Explorer */,
				B35A6433182AB721002CF425 /* Favorites */,
			);
			name = "Box \"UI\"";
			sourceTree = "<group>";
		};
		B345450A181D1F380039BD67 /* Box "Helpers" */ = {
			isa = PBXGroup;
			children = (
				B3A4C1F21822DDC900ED9376 /* NSArray+Functional.h */,
				B3A4C1F31822DDC900ED9376 /* NSArray+Functional.m */,
				B329A651181E611400B2D8B9 /* NSData+Base64.h */,
				B329A652181E611400B2D8B9 /* NSData+Base64.m */,
				B3454507181C7CEA0039BD67 /* OperationWithSteps.h */,
				B3454508181C7CEA0039BD67 /* OperationWithSteps.m */,
				B329A659181FB5C700B2D8B9 /* JSONDateReader.h */,
				B329A65A181FB5C700B2D8B9 /* JSONDateReader.m */,
				B3900F381815BA75007BCE33 /* LazyMutableArray.h */,
				B3900F391815BA75007BCE33 /* LazyMutableArray.m */,
			);
			name = "Box \"Helpers\"";
			sourceTree = "<group>";
		};
		B345450B181D4FCB0039BD67 /* Auxiliary */ = {
			isa = PBXGroup;
			children = (
				B345450C181D500E0039BD67 /* ODOperationError.strings */,
				B3454501181BF2010039BD67 /* ODOperationError.h */,
				B3454506181C0F850039BD67 /* ODOperationError+Parsing.h */,
				B3454502181BF2010039BD67 /* ODOperationError.m */,
				B34544F8181BCDCF0039BD67 /* ODOperationResponse.h */,
				B34544F9181BCDCF0039BD67 /* ODOperationResponse.m */,
				B329A6771821227800B2D8B9 /* ODHTTPOperation.h */,
				B329A6781821227800B2D8B9 /* ODHTTPOperation.m */,
			);
			name = Auxiliary;
			sourceTree = "<group>";
		};
		B35A642C182A9D8E002CF425 /* Datasource */ = {
			isa = PBXGroup;
			children = (
				B35A6429182A9D8A002CF425 /* ODResourceDataSource.h */,
				B35A642A182A9D8A002CF425 /* ODResourceDataSource.m */,
			);
			name = Datasource;
			sourceTree = "<group>";
		};
		B35A6431182AB5E5002CF425 /* Base */ = {
			isa = PBXGroup;
			children = (
				B34544C8181932E60039BD67 /* ODBaseResourceViewController.h */,
				B34544C9181932E60039BD67 /* ODBaseResourceViewController.m */,
			);
			name = Base;
			sourceTree = "<group>";
		};
		B35A6432182AB702002CF425 /* Explorer */ = {
			isa = PBXGroup;
			children = (
				B35A642D182AA7F7002CF425 /* ODExplorerViewController.h */,
				B35A642E182AA7F7002CF425 /* ODExplorerViewController.m */,
			);
			name = Explorer;
			sourceTree = "<group>";
		};
		B35A6433182AB721002CF425 /* Favorites */ = {
			isa = PBXGroup;
			children = (
				B35A6434182AC838002CF425 /* ODFavorites.h */,
				B35A6435182AC838002CF425 /* ODFavorites.m */,
				B35A6437182AC9CC002CF425 /* ODFavoritesViewController.h */,
				B35A6438182AC9CC002CF425 /* ODFavoritesViewController.m */,
			);
			name = Favorites;
			sourceTree = "<group>";
		};
		B36C7D1A182D621C00038420 /* Subclasses */ = {
			isa = PBXGroup;
			children = (
				B34544E8181A6AA20039BD67 /* ODResourceList.h */,
				B34544E9181A6AA20039BD67 /* ODResourceList.m */,
			);
			name = Subclasses;
			sourceTree = "<group>";
		};
		B36C7D1B182D65A400038420 /* Entity */ = {
			isa = PBXGroup;
			children = (
				B329A65C181FEF2300B2D8B9 /* ODResource+Entity.h */,
				B329A65D181FEF2300B2D8B9 /* ODResource+Entity.m */,
				B3900EB618119619007BCE33 /* ODEntity.h */,
				B3900EB718119619007BCE33 /* ODEntity.m */,
			);
			name = Entity;
			sourceTree = "<group>";
		};
		B36C7D1C182D65C500038420 /* Collection */ = {
			isa = PBXGroup;
			children = (
				B329A65F181FEF6700B2D8B9 /* ODResource+Collection.h */,
				B329A669182063AF00B2D8B9 /* ODResource+CollectionFields.h */,
				B329A660181FEF6700B2D8B9 /* ODResource+Collection.m */,
				B329A66A182063AF00B2D8B9 /* ODResource+CollectionFields.m */,
				B3900EB3181195A0007BCE33 /* ODCollection.h */,
				B3900EB4181195A0007BCE33 /* ODCollection.m */,
				B36C7D1A182D621C00038420 /* Subclasses */,
			);
			name = Collection;
			sourceTree = "<group>";
		};
		B384FC6F1826E0DE006C06D3 /* XML return type */ = {
			isa = PBXGroup;
			children = (
				B384FC701826E104006C06D3 /* ODMetadataOperation.h */,
				B384FC711826E104006C06D3 /* ODMetadataOperation.m */,
			);
			name = "XML return type";
			sourceTree = "<group>";
		};
		B384FC89182A43E7006C06D3 /* Collection Types */ = {
			isa = PBXGroup;
			children = (
				B384FC7F18290066006C06D3 /* ODCollectionType.h */,
				B384FC8018290066006C06D3 /* ODCollectionType.m */,
				B384FC82182909CC006C06D3 /* ODServiceType.h */,
				B384FC83182909CC006C06D3 /* ODServiceType.m */,
			);
			name = "Collection Types";
			sourceTree = "<group>";
		};
		B384FC8B182A487A006C06D3 /* Nominal types  */ = {
			isa = PBXGroup;
			children = (
				B384FC85182A43B0006C06D3 /* ODNominalType.h */,
				B384FC86182A43B0006C06D3 /* ODNominalType.m */,
				B384FC8C182A4907006C06D3 /* ODNominalTypeProxy.h */,
				B384FC8D182A4907006C06D3 /* ODNominalTypeProxy.m */,
				B3BDF58A1825868C003CF414 /* Primitive types */,
				B30EF6E0182646CC0091C378 /* Structured types */,
			);
			name = "Nominal types ";
			sourceTree = "<group>";
		};
		B3900E5A18118102007BCE33 = {
			isa = PBXGroup;
			children = (
				B3900E6E18118102007BCE33 /* OIDataNorth */,
				B3900E6518118102007BCE33 /* Frameworks */,
				B3900E6418118102007BCE33 /* Products */,
				0B32D1985D36467C94A4C41F /* Pods.xcconfig */,
			);
			sourceTree = "<group>";
		};
		B3900E6418118102007BCE33 /* Products */ = {
			isa = PBXGroup;
			children = (
				B3900E6318118102007BCE33 /* OIDataNorth.app */,
				B3900E8C18118102007BCE33 /* OIDataNorthTests.xctest */,
			);
			name = Products;
			sourceTree = "<group>";
		};
		B3900E6518118102007BCE33 /* Frameworks */ = {
			isa = PBXGroup;
			children = (
				B3900F2A1815407D007BCE33 /* libPods.a */,
				B3900E6618118102007BCE33 /* Foundation.framework */,
				B3900E6A18118102007BCE33 /* UIKit.framework */,
				B3900E8D18118102007BCE33 /* XCTest.framework */,
				01CB4325C22B4BC6BB25D101 /* libPods.a */,
				B3900EED18153E47007BCE33 /* Cocoa.framework */,
				B3900EEF18153E47007BCE33 /* Other Frameworks */,
			);
			name = Frameworks;
			sourceTree = "<group>";
		};
		B3900E6E18118102007BCE33 /* OIDataNorth */ = {
			isa = PBXGroup;
			children = (
				B3900E7718118102007BCE33 /* OIAppDelegate.h */,
				B3900E7818118102007BCE33 /* OIAppDelegate.m */,
				B3900E7A18118102007BCE33 /* Main.storyboard */,
				B3900E8618118102007BCE33 /* Images.xcassets */,
				B3900E6F18118102007BCE33 /* Supporting Files */,
				B3900EBD18152D1E007BCE33 /* Northwind Service */,
				B3900EB9181198AC007BCE33 /* Full OData Stack */,
			);
			path = OIDataNorth;
			sourceTree = "<group>";
		};
		B3900E6F18118102007BCE33 /* Supporting Files */ = {
			isa = PBXGroup;
			children = (
				B3900E7018118102007BCE33 /* OIDataNorth-Info.plist */,
				B3900E7118118102007BCE33 /* InfoPlist.strings */,
				B3900E7418118102007BCE33 /* main.m */,
				B3900E7618118102007BCE33 /* OIDataNorth-Prefix.pch */,
			);
			name = "Supporting Files";
			sourceTree = "<group>";
		};
		B3900E9418118102007BCE33 /* Box "Tests" */ = {
			isa = PBXGroup;
			children = (
				B384FC731826E323006C06D3 /* TypesTests.m */,
				B3BDF57F1825112E003CF414 /* HelpersTests.m */,
				B3900E9A18118102007BCE33 /* OIDataNorthTests.m */,
				B3900E9518118102007BCE33 /* Supporting Files */,
			);
			name = "Box \"Tests\"";
			path = OIDataNorthTests;
			sourceTree = SOURCE_ROOT;
		};
		B3900E9518118102007BCE33 /* Supporting Files */ = {
			isa = PBXGroup;
			children = (
				B3900E9618118102007BCE33 /* OIDataNorthTests-Info.plist */,
				B3900E9718118102007BCE33 /* InfoPlist.strings */,
			);
			name = "Supporting Files";
			sourceTree = "<group>";
		};
		B3900EB9181198AC007BCE33 /* Full OData Stack */ = {
			isa = PBXGroup;
			children = (
				B3900E9418118102007BCE33 /* Box "Tests" */,
				B3454505181C0CE20039BD67 /* Box "UI" */,
				B32DE6BA182AF47700D208B0 /* Box "Core" */,
				B32DE6B8182AF36A00D208B0 /* Box "Abstract" */,
				B345450A181D1F380039BD67 /* Box "Helpers" */,
			);
			name = "Full OData Stack";
			sourceTree = "<group>";
		};
		B3900EBD18152D1E007BCE33 /* Northwind Service */ = {
			isa = PBXGroup;
			children = (
				B3900EBA181198CB007BCE33 /* NorthwindService.h */,
				B3900EBB181198CB007BCE33 /* NorthwindService.m */,
				B3900EC71815318B007BCE33 /* Product.h */,
				B3900EC81815318B007BCE33 /* Product.m */,
				B3900F5418168C99007BCE33 /* Supplier.h */,
				B3900F5518168C99007BCE33 /* Supplier.m */,
				B3900F2C18155FBC007BCE33 /* Employee.h */,
				B3900F2D18155FBC007BCE33 /* Employee.m */,
				B3900F2F18155FCC007BCE33 /* Customer.h */,
				B3900F3018155FCC007BCE33 /* Customer.m */,
			);
			name = "Northwind Service";
			sourceTree = "<group>";
		};
		B3900EEF18153E47007BCE33 /* Other Frameworks */ = {
			isa = PBXGroup;
			children = (
				B3900EF018153E47007BCE33 /* AppKit.framework */,
				B3900EF118153E47007BCE33 /* CoreData.framework */,
				B3900EF218153E47007BCE33 /* Foundation.framework */,
			);
			name = "Other Frameworks";
			sourceTree = "<group>";
		};
		B3900F411815D82B007BCE33 /* Operations */ = {
			isa = PBXGroup;
			children = (
				B3900EA718118129007BCE33 /* ODOperation.h */,
				B3900EA818118129007BCE33 /* ODOperation.m */,
				B345450B181D4FCB0039BD67 /* Auxiliary */,
				B384FC6F1826E0DE006C06D3 /* XML return type */,
				B34544FE181BEA430039BD67 /* Plain return type */,
				B34544FF181BEA580039BD67 /* JSON return type */,
			);
			name = Operations;
			sourceTree = "<group>";
		};
		B3900F421815D84A007BCE33 /* Resources */ = {
			isa = PBXGroup;
			children = (
				B329A665181FF73D00B2D8B9 /* Base */,
				B36C7D1B182D65A400038420 /* Entity */,
				B36C7D1C182D65C500038420 /* Collection */,
			);
			name = Resources;
			sourceTree = "<group>";
		};
		B3900F48181675F7007BCE33 /* Managing */ = {
			isa = PBXGroup;
			children = (
				B3900F491816765B007BCE33 /* ODManaging.h */,
				B329A66C1820FC1E00B2D8B9 /* Requests */,
				B329A66D1820FC3700B2D8B9 /* Observers */,
			);
			name = Managing;
			sourceTree = "<group>";
		};
		B3BDF58A1825868C003CF414 /* Primitive types */ = {
			isa = PBXGroup;
			children = (
				B3BDF587182585CF003CF414 /* ODType+Primitive.h */,
				B3BDF588182585CF003CF414 /* ODType+Primitive.m */,
				B3900EC41815310C007BCE33 /* ODPrimitiveType.h */,
				B3900EC51815310C007BCE33 /* ODPrimitiveType.m */,
				B3BDF581182581CC003CF414 /* ODPrimitiveTypeDateTime.h */,
				B3BDF582182581CC003CF414 /* ODPrimitiveTypeDateTime.m */,
				B3BDF5841825837C003CF414 /* ODPrimitiveTypeInt.h */,
				B3BDF5851825837C003CF414 /* ODPrimitiveTypeInt.m */,
				B3BDF58B182586DB003CF414 /* ODPrimitiveTypeString.h */,
				B3BDF58C182586DB003CF414 /* ODPrimitiveTypeString.m */,
				B3BDF58E182588CC003CF414 /* ODPrimitiveTypeDecimal.h */,
				B3BDF58F182588CC003CF414 /* ODPrimitiveTypeDecimal.m */,
				B3BDF59118258A32003CF414 /* ODPrimitiveTypeBinary.h */,
				B3BDF59218258A32003CF414 /* ODPrimitiveTypeBinary.m */,
				B3BDF59418258FFB003CF414 /* ODPrimitiveTypeBoolean.h */,
				B3BDF59518258FFB003CF414 /* ODPrimitiveTypeBoolean.m */,
				B3BDF597182591DA003CF414 /* ODPrimitiveTypeSByte.h */,
				B3BDF598182591DA003CF414 /* ODPrimitiveTypeSByte.m */,
				B3BDF5A01825A96E003CF414 /* ODPrimitiveTypeGuid.h */,
				B3BDF5A11825A96E003CF414 /* ODPrimitiveTypeGuid.m */,
				B384FC8F182A6FC9006C06D3 /* ODPrimitiveTypeByte.h */,
				B384FC90182A6FC9006C06D3 /* ODPrimitiveTypeByte.m */,
				B384FC92182A84D9006C06D3 /* ODPrimitiveTypeSingle.h */,
				B384FC93182A84D9006C06D3 /* ODPrimitiveTypeSingle.m */,
				B384FC95182A85B2006C06D3 /* ODPrimitiveTypeDouble.h */,
				B384FC96182A85B2006C06D3 /* ODPrimitiveTypeDouble.m */,
			);
			name = "Primitive types";
			sourceTree = "<group>";
		};
/* End PBXGroup section */

/* Begin PBXNativeTarget section */
		B3900E6218118102007BCE33 /* OIDataNorth */ = {
			isa = PBXNativeTarget;
			buildConfigurationList = B3900E9E18118102007BCE33 /* Build configuration list for PBXNativeTarget "OIDataNorth" */;
			buildPhases = (
				0E22B95685E14A2EA94A4ED2 /* Check Pods Manifest.lock */,
				B3900E5F18118102007BCE33 /* Sources */,
				B3900E6018118102007BCE33 /* Frameworks */,
				B3900E6118118102007BCE33 /* Resources */,
				F0FA443D6B0F40EE978EC575 /* Copy Pods Resources */,
			);
			buildRules = (
			);
			dependencies = (
			);
			name = OIDataNorth;
			productName = OIDataNorth;
			productReference = B3900E6318118102007BCE33 /* OIDataNorth.app */;
			productType = "com.apple.product-type.application";
		};
		B3900E8B18118102007BCE33 /* OIDataNorthTests */ = {
			isa = PBXNativeTarget;
			buildConfigurationList = B3900EA118118102007BCE33 /* Build configuration list for PBXNativeTarget "OIDataNorthTests" */;
			buildPhases = (
				B3900E8818118102007BCE33 /* Sources */,
				B3900E8918118102007BCE33 /* Frameworks */,
				B3900E8A18118102007BCE33 /* Resources */,
			);
			buildRules = (
			);
			dependencies = (
				B3900E9318118102007BCE33 /* PBXTargetDependency */,
			);
			name = OIDataNorthTests;
			productName = OIDataNorthTests;
			productReference = B3900E8C18118102007BCE33 /* OIDataNorthTests.xctest */;
			productType = "com.apple.product-type.bundle.unit-test";
		};
/* End PBXNativeTarget section */

/* Begin PBXProject section */
		B3900E5B18118102007BCE33 /* Project object */ = {
			isa = PBXProject;
			attributes = {
				CLASSPREFIX = OI;
				LastUpgradeCheck = 0500;
				ORGANIZATIONNAME = "Ilya Nikokoshev";
				TargetAttributes = {
					B3900E8B18118102007BCE33 = {
						TestTargetID = B3900E6218118102007BCE33;
					};
				};
			};
			buildConfigurationList = B3900E5E18118102007BCE33 /* Build configuration list for PBXProject "OIDataNorth" */;
			compatibilityVersion = "Xcode 3.2";
			developmentRegion = English;
			hasScannedForEncodings = 0;
			knownRegions = (
				en,
				Base,
			);
			mainGroup = B3900E5A18118102007BCE33;
			productRefGroup = B3900E6418118102007BCE33 /* Products */;
			projectDirPath = "";
			projectRoot = "";
			targets = (
				B3900E6218118102007BCE33 /* OIDataNorth */,
				B3900E8B18118102007BCE33 /* OIDataNorthTests */,
			);
		};
/* End PBXProject section */

/* Begin PBXResourcesBuildPhase section */
		B3900E6118118102007BCE33 /* Resources */ = {
			isa = PBXResourcesBuildPhase;
			buildActionMask = 2147483647;
			files = (
				B3900E8718118102007BCE33 /* Images.xcassets in Resources */,
				B3900E7318118102007BCE33 /* InfoPlist.strings in Resources */,
				B345450D181D500E0039BD67 /* ODOperationError.strings in Resources */,
				B3900E7C18118102007BCE33 /* Main.storyboard in Resources */,
			);
			runOnlyForDeploymentPostprocessing = 0;
		};
		B3900E8A18118102007BCE33 /* Resources */ = {
			isa = PBXResourcesBuildPhase;
			buildActionMask = 2147483647;
			files = (
				B3900E9918118102007BCE33 /* InfoPlist.strings in Resources */,
			);
			runOnlyForDeploymentPostprocessing = 0;
		};
/* End PBXResourcesBuildPhase section */

/* Begin PBXShellScriptBuildPhase section */
		0E22B95685E14A2EA94A4ED2 /* Check Pods Manifest.lock */ = {
			isa = PBXShellScriptBuildPhase;
			buildActionMask = 2147483647;
			files = (
			);
			inputPaths = (
			);
			name = "Check Pods Manifest.lock";
			outputPaths = (
			);
			runOnlyForDeploymentPostprocessing = 0;
			shellPath = /bin/sh;
			shellScript = "diff \"${PODS_ROOT}/../Podfile.lock\" \"${PODS_ROOT}/Manifest.lock\" > /dev/null\nif [[ $? != 0 ]] ; then\n    cat << EOM\nerror: The sandbox is not in sync with the Podfile.lock. Run 'pod install' or update your CocoaPods installation.\nEOM\n    exit 1\nfi\n";
			showEnvVarsInLog = 0;
		};
		F0FA443D6B0F40EE978EC575 /* Copy Pods Resources */ = {
			isa = PBXShellScriptBuildPhase;
			buildActionMask = 2147483647;
			files = (
			);
			inputPaths = (
			);
			name = "Copy Pods Resources";
			outputPaths = (
			);
			runOnlyForDeploymentPostprocessing = 0;
			shellPath = /bin/sh;
			shellScript = "\"${SRCROOT}/Pods/Pods-resources.sh\"\n";
			showEnvVarsInLog = 0;
		};
/* End PBXShellScriptBuildPhase section */

/* Begin PBXSourcesBuildPhase section */
		B3900E5F18118102007BCE33 /* Sources */ = {
			isa = PBXSourcesBuildPhase;
			buildActionMask = 2147483647;
			files = (
				B384FC84182909CC006C06D3 /* ODServiceType.m in Sources */,
				B329A66B182063AF00B2D8B9 /* ODResource+CollectionFields.m in Sources */,
				B30EF6DC1826446B0091C378 /* ODStructuredType.m in Sources */,
				B3BDF590182588CC003CF414 /* ODPrimitiveTypeDecimal.m in Sources */,
				B384FC91182A6FC9006C06D3 /* ODPrimitiveTypeByte.m in Sources */,
				B3BDF58D182586DB003CF414 /* ODPrimitiveTypeString.m in Sources */,
				B30EF6E31826CA9F0091C378 /* ODTypeLibrary.m in Sources */,
				B3BDF5861825837C003CF414 /* ODPrimitiveTypeInt.m in Sources */,
				B3900F591816962C007BCE33 /* ODRetrieveOperation.m in Sources */,
				B3900EAF18119337007BCE33 /* ODQueryOperation.m in Sources */,
				B384FC7A1826F82E006C06D3 /* ODMetadataParsingContext.m in Sources */,
				B3454510181D581E0039BD67 /* ODNotifyingManager.m in Sources */,
				B34544F4181B36A30039BD67 /* Product.m in Sources */,
				B34544CA181932E60039BD67 /* ODBaseResourceViewController.m in Sources */,
				B3900F4D18167765007BCE33 /* ODResource.m in Sources */,
				B3454503181BF2010039BD67 /* ODOperationError.m in Sources */,
				B3900E7918118102007BCE33 /* OIAppDelegate.m in Sources */,
				B329A661181FEF6700B2D8B9 /* ODResource+Collection.m in Sources */,
				B384FC97182A85B2006C06D3 /* ODPrimitiveTypeDouble.m in Sources */,
				B34544FA181BCDCF0039BD67 /* ODOperationResponse.m in Sources */,
				B3A4C1F41822DDC900ED9376 /* NSArray+Functional.m in Sources */,
				B3900F401815CB8D007BCE33 /* ODJSONOperation.m in Sources */,
				B3BDF5A21825A96E003CF414 /* ODPrimitiveTypeGuid.m in Sources */,
				B30EF6DF182646C30091C378 /* ODCustomEntityType.m in Sources */,
				B3BDF59618258FFB003CF414 /* ODPrimitiveTypeBoolean.m in Sources */,
				B384FC94182A84D9006C06D3 /* ODPrimitiveTypeSingle.m in Sources */,
				B3900F5318168170007BCE33 /* ODBatchRequestManager.m in Sources */,
				B35A6430182AB21C002CF425 /* ODExplorerViewController.m in Sources */,
				B35A6439182AC9CC002CF425 /* ODFavoritesViewController.m in Sources */,
				B34544D8181968370039BD67 /* ODPropertyTableViewCell.m in Sources */,
				B329A653181E611400B2D8B9 /* NSData+Base64.m in Sources */,
				B34544C1181846340039BD67 /* ODActionOperation.m in Sources */,
				B3454513181D61770039BD67 /* ODLoadingTableViewCell.m in Sources */,
				B3900EB818119619007BCE33 /* ODEntity.m in Sources */,
				B384FC8118290066006C06D3 /* ODCollectionType.m in Sources */,
				B35A6436182AC838002CF425 /* ODFavorites.m in Sources */,
				B3900F3A1815BA75007BCE33 /* LazyMutableArray.m in Sources */,
				B3BDF59318258A32003CF414 /* ODPrimitiveTypeBinary.m in Sources */,
				B3BDF583182581CC003CF414 /* ODPrimitiveTypeDateTime.m in Sources */,
				B3900EA918118129007BCE33 /* ODOperation.m in Sources */,
				B3454509181C7CEA0039BD67 /* OperationWithSteps.m in Sources */,
				B34544F0181B278D0039BD67 /* ODRetrieving_Objects.m in Sources */,
				B384FC7D1827C499006C06D3 /* ODLinksOperation.m in Sources */,
				B384FC87182A43B0006C06D3 /* ODNominalType.m in Sources */,
				B3900EC61815310C007BCE33 /* ODPrimitiveType.m in Sources */,
				B34544F5181B36A30039BD67 /* Supplier.m in Sources */,
				B384FC721826E104006C06D3 /* ODMetadataOperation.m in Sources */,
				B34544FD181BEA270039BD67 /* ODPlainOperation.m in Sources */,
				B34544D418195E6B0039BD67 /* ODEntityTableViewCell.m in Sources */,
				B3900E7518118102007BCE33 /* main.m in Sources */,
				B35A642B182A9D8A002CF425 /* ODResourceDataSource.m in Sources */,
				B3900F3D1815C0AC007BCE33 /* ODCountOperation.m in Sources */,
				B384FC771826F49F006C06D3 /* ODAssociationEnd.m in Sources */,
				B34544D118195DFB0039BD67 /* ODResourceTableViewCell.m in Sources */,
				B34544F3181B36A30039BD67 /* NorthwindService.m in Sources */,
				B3900EB5181195A0007BCE33 /* ODCollection.m in Sources */,
				B329A6791821227800B2D8B9 /* ODHTTPOperation.m in Sources */,
				B329A65B181FB5C700B2D8B9 /* JSONDateReader.m in Sources */,
				B329A67618211B3B00B2D8B9 /* ODCreateOperation.m in Sources */,
				B329A657181F991A00B2D8B9 /* ODExplorerViewActionsMenu.m in Sources */,
				B3A4C1F71824F8B200ED9376 /* ODMetadataModel.m in Sources */,
				B34544F6181B36A30039BD67 /* Employee.m in Sources */,
				B34544EA181A6AA20039BD67 /* ODResourceList.m in Sources */,
				B329A65E181FEF2300B2D8B9 /* ODResource+Entity.m in Sources */,
				B384FC8E182A4907006C06D3 /* ODNominalTypeProxy.m in Sources */,
				B3900F5018168161007BCE33 /* ODBaseRequestManager.m in Sources */,
				B329A6731821116800B2D8B9 /* ODGenericTableViewCell.m in Sources */,
				B3BDF59C18259AA8003CF414 /* ODType.m in Sources */,
				B3BDF599182591DA003CF414 /* ODPrimitiveTypeSByte.m in Sources */,
				B34544F7181B36A30039BD67 /* Customer.m in Sources */,
				B3BDF589182585CF003CF414 /* ODType+Primitive.m in Sources */,
			);
			runOnlyForDeploymentPostprocessing = 0;
		};
		B3900E8818118102007BCE33 /* Sources */ = {
			isa = PBXSourcesBuildPhase;
			buildActionMask = 2147483647;
			files = (
				B3900E9B18118102007BCE33 /* OIDataNorthTests.m in Sources */,
				B3BDF5801825112E003CF414 /* HelpersTests.m in Sources */,
				B384FC741826E323006C06D3 /* TypesTests.m in Sources */,
			);
			runOnlyForDeploymentPostprocessing = 0;
		};
/* End PBXSourcesBuildPhase section */

/* Begin PBXTargetDependency section */
		B3900E9318118102007BCE33 /* PBXTargetDependency */ = {
			isa = PBXTargetDependency;
			target = B3900E6218118102007BCE33 /* OIDataNorth */;
			targetProxy = B3900E9218118102007BCE33 /* PBXContainerItemProxy */;
		};
/* End PBXTargetDependency section */

/* Begin PBXVariantGroup section */
		B3900E7118118102007BCE33 /* InfoPlist.strings */ = {
			isa = PBXVariantGroup;
			children = (
				B3900E7218118102007BCE33 /* en */,
			);
			name = InfoPlist.strings;
			sourceTree = "<group>";
		};
		B3900E7A18118102007BCE33 /* Main.storyboard */ = {
			isa = PBXVariantGroup;
			children = (
				B3900E7B18118102007BCE33 /* Base */,
			);
			name = Main.storyboard;
			sourceTree = "<group>";
		};
		B3900E9718118102007BCE33 /* InfoPlist.strings */ = {
			isa = PBXVariantGroup;
			children = (
				B3900E9818118102007BCE33 /* en */,
			);
			name = InfoPlist.strings;
			sourceTree = "<group>";
		};
/* End PBXVariantGroup section */

/* Begin XCBuildConfiguration section */
		B3900E9C18118102007BCE33 /* Debug */ = {
			isa = XCBuildConfiguration;
			buildSettings = {
				ALWAYS_SEARCH_USER_PATHS = NO;
				ARCHS = "$(ARCHS_STANDARD_INCLUDING_64_BIT)";
				CLANG_CXX_LANGUAGE_STANDARD = "gnu++0x";
				CLANG_CXX_LIBRARY = "libc++";
				CLANG_ENABLE_MODULES = YES;
				CLANG_ENABLE_OBJC_ARC = YES;
				CLANG_WARN_BOOL_CONVERSION = YES;
				CLANG_WARN_CONSTANT_CONVERSION = YES;
				CLANG_WARN_DIRECT_OBJC_ISA_USAGE = YES_ERROR;
				CLANG_WARN_EMPTY_BODY = YES;
				CLANG_WARN_ENUM_CONVERSION = YES;
				CLANG_WARN_INT_CONVERSION = YES;
				CLANG_WARN_OBJC_ROOT_CLASS = YES_ERROR;
				CLANG_WARN__DUPLICATE_METHOD_MATCH = YES;
				"CODE_SIGN_IDENTITY[sdk=iphoneos*]" = "iPhone Developer";
				COPY_PHASE_STRIP = NO;
				GCC_C_LANGUAGE_STANDARD = gnu99;
				GCC_DYNAMIC_NO_PIC = NO;
				GCC_OPTIMIZATION_LEVEL = 0;
				GCC_PREPROCESSOR_DEFINITIONS = (
					"DEBUG=1",
					"$(inherited)",
				);
				GCC_SYMBOLS_PRIVATE_EXTERN = NO;
				GCC_WARN_64_TO_32_BIT_CONVERSION = YES;
				GCC_WARN_ABOUT_RETURN_TYPE = YES_ERROR;
				GCC_WARN_UNDECLARED_SELECTOR = YES;
				GCC_WARN_UNINITIALIZED_AUTOS = YES;
				GCC_WARN_UNUSED_FUNCTION = YES;
				GCC_WARN_UNUSED_VARIABLE = YES;
				IPHONEOS_DEPLOYMENT_TARGET = 7.0;
				ONLY_ACTIVE_ARCH = YES;
				SDKROOT = iphoneos;
			};
			name = Debug;
		};
		B3900E9D18118102007BCE33 /* Release */ = {
			isa = XCBuildConfiguration;
			buildSettings = {
				ALWAYS_SEARCH_USER_PATHS = NO;
				ARCHS = "$(ARCHS_STANDARD_INCLUDING_64_BIT)";
				CLANG_CXX_LANGUAGE_STANDARD = "gnu++0x";
				CLANG_CXX_LIBRARY = "libc++";
				CLANG_ENABLE_MODULES = YES;
				CLANG_ENABLE_OBJC_ARC = YES;
				CLANG_WARN_BOOL_CONVERSION = YES;
				CLANG_WARN_CONSTANT_CONVERSION = YES;
				CLANG_WARN_DIRECT_OBJC_ISA_USAGE = YES_ERROR;
				CLANG_WARN_EMPTY_BODY = YES;
				CLANG_WARN_ENUM_CONVERSION = YES;
				CLANG_WARN_INT_CONVERSION = YES;
				CLANG_WARN_OBJC_ROOT_CLASS = YES_ERROR;
				CLANG_WARN__DUPLICATE_METHOD_MATCH = YES;
				"CODE_SIGN_IDENTITY[sdk=iphoneos*]" = "iPhone Developer";
				COPY_PHASE_STRIP = YES;
				ENABLE_NS_ASSERTIONS = NO;
				GCC_C_LANGUAGE_STANDARD = gnu99;
				GCC_WARN_64_TO_32_BIT_CONVERSION = YES;
				GCC_WARN_ABOUT_RETURN_TYPE = YES_ERROR;
				GCC_WARN_UNDECLARED_SELECTOR = YES;
				GCC_WARN_UNINITIALIZED_AUTOS = YES;
				GCC_WARN_UNUSED_FUNCTION = YES;
				GCC_WARN_UNUSED_VARIABLE = YES;
				IPHONEOS_DEPLOYMENT_TARGET = 7.0;
				SDKROOT = iphoneos;
				VALIDATE_PRODUCT = YES;
			};
			name = Release;
		};
		B3900E9F18118102007BCE33 /* Debug */ = {
			isa = XCBuildConfiguration;
			baseConfigurationReference = 0B32D1985D36467C94A4C41F /* Pods.xcconfig */;
			buildSettings = {
				ARCHS = "$(ARCHS_STANDARD)";
				ASSETCATALOG_COMPILER_APPICON_NAME = AppIcon;
				ASSETCATALOG_COMPILER_LAUNCHIMAGE_NAME = LaunchImage;
				GCC_PRECOMPILE_PREFIX_HEADER = YES;
				GCC_PREFIX_HEADER = "OIDataNorth/OIDataNorth-Prefix.pch";
				INFOPLIST_FILE = "OIDataNorth/OIDataNorth-Info.plist";
				PRODUCT_NAME = "$(TARGET_NAME)";
				WRAPPER_EXTENSION = app;
			};
			name = Debug;
		};
		B3900EA018118102007BCE33 /* Release */ = {
			isa = XCBuildConfiguration;
			baseConfigurationReference = 0B32D1985D36467C94A4C41F /* Pods.xcconfig */;
			buildSettings = {
				ARCHS = "$(ARCHS_STANDARD)";
				ASSETCATALOG_COMPILER_APPICON_NAME = AppIcon;
				ASSETCATALOG_COMPILER_LAUNCHIMAGE_NAME = LaunchImage;
				GCC_PRECOMPILE_PREFIX_HEADER = YES;
				GCC_PREFIX_HEADER = "OIDataNorth/OIDataNorth-Prefix.pch";
				INFOPLIST_FILE = "OIDataNorth/OIDataNorth-Info.plist";
				PRODUCT_NAME = "$(TARGET_NAME)";
				WRAPPER_EXTENSION = app;
			};
			name = Release;
		};
		B3900EA218118102007BCE33 /* Debug */ = {
			isa = XCBuildConfiguration;
			buildSettings = {
				ARCHS = "$(ARCHS_STANDARD_INCLUDING_64_BIT)";
				BUNDLE_LOADER = "$(BUILT_PRODUCTS_DIR)/OIDataNorth.app/OIDataNorth";
				FRAMEWORK_SEARCH_PATHS = (
					"$(SDKROOT)/Developer/Library/Frameworks",
					"$(inherited)",
					"$(DEVELOPER_FRAMEWORKS_DIR)",
				);
				GCC_PRECOMPILE_PREFIX_HEADER = YES;
				GCC_PREFIX_HEADER = "OIDataNorth/OIDataNorth-Prefix.pch";
				GCC_PREPROCESSOR_DEFINITIONS = (
					"DEBUG=1",
					"$(inherited)",
				);
				INFOPLIST_FILE = "OIDataNorthTests/OIDataNorthTests-Info.plist";
				PRODUCT_NAME = "$(TARGET_NAME)";
				TEST_HOST = "$(BUNDLE_LOADER)";
				WRAPPER_EXTENSION = xctest;
			};
			name = Debug;
		};
		B3900EA318118102007BCE33 /* Release */ = {
			isa = XCBuildConfiguration;
			buildSettings = {
				ARCHS = "$(ARCHS_STANDARD_INCLUDING_64_BIT)";
				BUNDLE_LOADER = "$(BUILT_PRODUCTS_DIR)/OIDataNorth.app/OIDataNorth";
				FRAMEWORK_SEARCH_PATHS = (
					"$(SDKROOT)/Developer/Library/Frameworks",
					"$(inherited)",
					"$(DEVELOPER_FRAMEWORKS_DIR)",
				);
				GCC_PRECOMPILE_PREFIX_HEADER = YES;
				GCC_PREFIX_HEADER = "OIDataNorth/OIDataNorth-Prefix.pch";
				INFOPLIST_FILE = "OIDataNorthTests/OIDataNorthTests-Info.plist";
				PRODUCT_NAME = "$(TARGET_NAME)";
				TEST_HOST = "$(BUNDLE_LOADER)";
				WRAPPER_EXTENSION = xctest;
			};
			name = Release;
		};
/* End XCBuildConfiguration section */

/* Begin XCConfigurationList section */
		B3900E5E18118102007BCE33 /* Build configuration list for PBXProject "OIDataNorth" */ = {
			isa = XCConfigurationList;
			buildConfigurations = (
				B3900E9C18118102007BCE33 /* Debug */,
				B3900E9D18118102007BCE33 /* Release */,
			);
			defaultConfigurationIsVisible = 0;
			defaultConfigurationName = Release;
		};
		B3900E9E18118102007BCE33 /* Build configuration list for PBXNativeTarget "OIDataNorth" */ = {
			isa = XCConfigurationList;
			buildConfigurations = (
				B3900E9F18118102007BCE33 /* Debug */,
				B3900EA018118102007BCE33 /* Release */,
			);
			defaultConfigurationIsVisible = 0;
			defaultConfigurationName = Release;
		};
		B3900EA118118102007BCE33 /* Build configuration list for PBXNativeTarget "OIDataNorthTests" */ = {
			isa = XCConfigurationList;
			buildConfigurations = (
				B3900EA218118102007BCE33 /* Debug */,
				B3900EA318118102007BCE33 /* Release */,
			);
			defaultConfigurationIsVisible = 0;
			defaultConfigurationName = Release;
		};
/* End XCConfigurationList section */
	};
	rootObject = B3900E5B18118102007BCE33 /* Project object */;
}
